// !$*UTF8*$!
{
	archiveVersion = 1;
	classes = {
	};
	objectVersion = 46;
	objects = {

/* Begin PBXBuildFile section */
		85ABE17719864DCD00EAC351 /* SymbolLoader.mm in Sources */ = {isa = PBXBuildFile; fileRef = 85ABE17519864DCD00EAC351 /* SymbolLoader.mm */; };
		85ABE188198B9AD100EAC351 /* TNSRuntime.mm in Sources */ = {isa = PBXBuildFile; fileRef = 85ABE187198B9AD100EAC351 /* TNSRuntime.mm */; };
		85ABE18E198BA63900EAC351 /* TNSRuntime+Inspector.mm in Sources */ = {isa = PBXBuildFile; fileRef = 85ABE18D198BA63900EAC351 /* TNSRuntime+Inspector.mm */; };
		85ABE18F198BACCD00EAC351 /* TNSRuntime.h in CopyFiles */ = {isa = PBXBuildFile; fileRef = 85ABE186198B9AD100EAC351 /* TNSRuntime.h */; };
		85ABE190198BACD200EAC351 /* TNSRuntime+Inspector.h in CopyFiles */ = {isa = PBXBuildFile; fileRef = 85ABE18C198BA63900EAC351 /* TNSRuntime+Inspector.h */; };
		85B2A6CC197528FF00616E60 /* XCTest.framework in Frameworks */ = {isa = PBXBuildFile; fileRef = 85B2A6CB197528FF00616E60 /* XCTest.framework */; };
		85B2A6CD1975290000616E60 /* Foundation.framework in Frameworks */ = {isa = PBXBuildFile; fileRef = 85B2A6BD197528FF00616E60 /* Foundation.framework */; };
		85B2A6D21975290000616E60 /* libNativeScript.a in Frameworks */ = {isa = PBXBuildFile; fileRef = 85B2A6BA197528FF00616E60 /* libNativeScript.a */; };
		85B2A6D81975290000616E60 /* InfoPlist.strings in Resources */ = {isa = PBXBuildFile; fileRef = 85B2A6D61975290000616E60 /* InfoPlist.strings */; };
		85B2A6F319752A0200616E60 /* NativeScript.h in CopyFiles */ = {isa = PBXBuildFile; fileRef = 85B2A6F2197529BE00616E60 /* NativeScript.h */; };
		85B2A6FB19752A9400616E60 /* FFICall.cpp in Sources */ = {isa = PBXBuildFile; fileRef = 85B2A6F519752A9400616E60 /* FFICall.cpp */; };
		85B2A6FD19752A9400616E60 /* FFIFunctionCall.mm in Sources */ = {isa = PBXBuildFile; fileRef = 85B2A6F919752A9400616E60 /* FFIFunctionCall.mm */; };
		85B2A70019752AF300616E60 /* FFIFunctionCallback.cpp in Sources */ = {isa = PBXBuildFile; fileRef = 85B2A6FE19752AF300616E60 /* FFIFunctionCallback.cpp */; };
		85B2A70D19752BC800616E60 /* FFIPrimitiveTypes.cpp in Sources */ = {isa = PBXBuildFile; fileRef = 85B2A70619752BC800616E60 /* FFIPrimitiveTypes.cpp */; };
		85B2A71619752CAF00616E60 /* ObjCBlockType.mm in Sources */ = {isa = PBXBuildFile; fileRef = 85B2A71019752CAF00616E60 /* ObjCBlockType.mm */; };
		85B2A71719752CAF00616E60 /* ObjCMethodCall.mm in Sources */ = {isa = PBXBuildFile; fileRef = 85B2A71319752CAF00616E60 /* ObjCMethodCall.mm */; };
		85B2A71819752CAF00616E60 /* ObjCMethodCallback.mm in Sources */ = {isa = PBXBuildFile; fileRef = 85B2A71519752CAF00616E60 /* ObjCMethodCallback.mm */; };
		85B2A71B19752CEA00616E60 /* GlobalObject.mm in Sources */ = {isa = PBXBuildFile; fileRef = 85B2A71919752CEA00616E60 /* GlobalObject.mm */; };
		85B2A74C197545A600616E60 /* ObjCTypes.mm in Sources */ = {isa = PBXBuildFile; fileRef = 85B2A74B197545A600616E60 /* ObjCTypes.mm */; };
		85B2A74E19754C2300616E60 /* libffi.a in Frameworks */ = {isa = PBXBuildFile; fileRef = 85B2A74D19754C2300616E60 /* libffi.a */; };
		85B2A75619756AE200616E60 /* TypeFactory.mm in Sources */ = {isa = PBXBuildFile; fileRef = 85B2A75519756AE200616E60 /* TypeFactory.mm */; };
		85B2A75C197807FF00616E60 /* ObjCWrapperObject.mm in Sources */ = {isa = PBXBuildFile; fileRef = 85B2A75A197807FF00616E60 /* ObjCWrapperObject.mm */; };
		85B2A79019781C6500616E60 /* ObjCPrototype.mm in Sources */ = {isa = PBXBuildFile; fileRef = 85B2A78E19781C6500616E60 /* ObjCPrototype.mm */; };
		85BD8CC0197FBEDC00C96EB8 /* libJavaScriptCore.a in Frameworks */ = {isa = PBXBuildFile; fileRef = 85BD8CBF197FBEDC00C96EB8 /* libJavaScriptCore.a */; };
		85BD8CD219811B1500C96EB8 /* ObjCExtend.mm in Sources */ = {isa = PBXBuildFile; fileRef = 85BD8CD019811B1500C96EB8 /* ObjCExtend.mm */; };
		85F3B5E219DD6D7000A29DAC /* JSWeakRefConstructor.cpp in Sources */ = {isa = PBXBuildFile; fileRef = 85F3B5E019DD6D7000A29DAC /* JSWeakRefConstructor.cpp */; };
		85F3B5E519DD6DA900A29DAC /* JSWeakRefPrototype.cpp in Sources */ = {isa = PBXBuildFile; fileRef = 85F3B5E319DD6DA900A29DAC /* JSWeakRefPrototype.cpp */; };
		85F3B5E819DD6DBA00A29DAC /* JSWeakRefInstance.cpp in Sources */ = {isa = PBXBuildFile; fileRef = 85F3B5E619DD6DBA00A29DAC /* JSWeakRefInstance.cpp */; };
		BD6CD0239613619C915A956A /* FunctionReferenceTypeInstance.cpp in Sources */ = {isa = PBXBuildFile; fileRef = BD6CDB044C69083C20E2D0D9 /* FunctionReferenceTypeInstance.cpp */; };
		BD6CD0AFC59F536EDF0998DA /* JSWarnings.cpp in Sources */ = {isa = PBXBuildFile; fileRef = BD6CDC961BF9072FC2C034D1 /* JSWarnings.cpp */; };
		BD6CD0FDDAFCB4B099A93F69 /* ObjCBlockCall.mm in Sources */ = {isa = PBXBuildFile; fileRef = BD6CD6DFBEAC00BD696DB823 /* ObjCBlockCall.mm */; };
		BD6CD17400A5F61C60AD0746 /* FFIType.cpp in Sources */ = {isa = PBXBuildFile; fileRef = BD6CDB5574B54DB2BF511EC8 /* FFIType.cpp */; };
		BD6CD2E6C6043094DDECF5C5 /* FunctionReferenceConstructor.cpp in Sources */ = {isa = PBXBuildFile; fileRef = BD6CD353AF354E91DFF7CC3B /* FunctionReferenceConstructor.cpp */; };
		BD6CD34D6A6FF197A321FDC3 /* ObjCTypeScriptExtend.mm in Sources */ = {isa = PBXBuildFile; fileRef = BD6CDE9E81E1CEEEA7092ABC /* ObjCTypeScriptExtend.mm */; };
		BD6CD4E70E8006DD3976B1BB /* ObjCClassBuilder.mm in Sources */ = {isa = PBXBuildFile; fileRef = BD6CD244D33E44F734613521 /* ObjCClassBuilder.mm */; };
		BD6CD5A4090FF2CD08204121 /* FunctionReferenceInstance.cpp in Sources */ = {isa = PBXBuildFile; fileRef = BD6CD89E504604A265632C9F /* FunctionReferenceInstance.cpp */; };
		BD6CD62D6758F81DF022F068 /* RecordField.cpp in Sources */ = {isa = PBXBuildFile; fileRef = BD6CDCD27AA2798FEBA03178 /* RecordField.cpp */; };
		BD6CD6482D8E462FFDD50833 /* Interop.mm in Sources */ = {isa = PBXBuildFile; fileRef = BD6CD7976F59F7F50CEA6CF7 /* Interop.mm */; };
		BD6CD69152E1E54BFEE838FA /* RecordInstance.cpp in Sources */ = {isa = PBXBuildFile; fileRef = BD6CD61D24C8ACB2511EABF7 /* RecordInstance.cpp */; };
		BD6CD6F051E44631A7E59920 /* PointerConstructor.cpp in Sources */ = {isa = PBXBuildFile; fileRef = BD6CDE858AE6828AAA36F036 /* PointerConstructor.cpp */; };
		BD6CD74DA871EC0E7E9F3F60 /* ObjCConstructorCall.mm in Sources */ = {isa = PBXBuildFile; fileRef = BD6CD7539B3AFE8472C90295 /* ObjCConstructorCall.mm */; };
		BD6CD8E36E7969015A58DB4C /* ReferenceConstructor.cpp in Sources */ = {isa = PBXBuildFile; fileRef = BD6CD103DA392AC0CFFB811E /* ReferenceConstructor.cpp */; };
		BD6CD97AB2D2403B4107EECD /* RecordPrototype.cpp in Sources */ = {isa = PBXBuildFile; fileRef = BD6CDFA5E2439D618B215875 /* RecordPrototype.cpp */; };
		BD6CDA8750C61AFF095D0F1F /* ObjCBlockCallback.cpp in Sources */ = {isa = PBXBuildFile; fileRef = BD6CD0A9BA78B636FA6B635D /* ObjCBlockCallback.cpp */; };
		BD6CDAB0E6FCBFF58D7BA815 /* PointerInstance.cpp in Sources */ = {isa = PBXBuildFile; fileRef = BD6CD408930A4D633BA20590 /* PointerInstance.cpp */; };
		BD6CDAB529C68A41C08D1BBD /* RecordConstructor.cpp in Sources */ = {isa = PBXBuildFile; fileRef = BD6CDA2F2B1CE1849F13BBA0 /* RecordConstructor.cpp */; };
		BD6CDB199CB50FD999E3EE34 /* ObjCProtocolWrapper.mm in Sources */ = {isa = PBXBuildFile; fileRef = BD6CDE51A9DA052887F8911A /* ObjCProtocolWrapper.mm */; };
		BD6CDCC32478A288D58CC9D7 /* FFINumericTypes.mm in Sources */ = {isa = PBXBuildFile; fileRef = BD6CDC269C1AEA2AF4B0475E /* FFINumericTypes.mm */; };
		BD6CDD38A5BC564CA0E79B47 /* RecordPrototypeFunctions.cpp in Sources */ = {isa = PBXBuildFile; fileRef = BD6CD0F32F895B7E041BA41A /* RecordPrototypeFunctions.cpp */; };
		BD6CDEC476327CC23DE9CB4A /* ReferencePrototype.cpp in Sources */ = {isa = PBXBuildFile; fileRef = BD6CD84436C7CC15D68CEA17 /* ReferencePrototype.cpp */; };
		BD6CDECC69A2B093E776F80C /* PointerPrototype.cpp in Sources */ = {isa = PBXBuildFile; fileRef = BD6CD4096B36D3C30D83A48E /* PointerPrototype.cpp */; };
		BD6CDF1BCF770FAC2F9E9580 /* ObjCPrimitiveTypes.mm in Sources */ = {isa = PBXBuildFile; fileRef = BD6CD6C9A6CE4AD69E33A428 /* ObjCPrimitiveTypes.mm */; };
		C474AC8419E5846600D8D067 /* UIKit.framework in Frameworks */ = {isa = PBXBuildFile; fileRef = 85B2A789197818E200616E60 /* UIKit.framework */; };
		C90090A919C8587A008C1794 /* MetadataTests.mm in Sources */ = {isa = PBXBuildFile; fileRef = C90090A819C8587A008C1794 /* MetadataTests.mm */; };
		C91A787A19C82254001C2731 /* libicucore.dylib in Frameworks */ = {isa = PBXBuildFile; fileRef = C91A787919C82254001C2731 /* libicucore.dylib */; };
		C91A787C19C82263001C2731 /* libz.dylib in Frameworks */ = {isa = PBXBuildFile; fileRef = C91A787B19C82263001C2731 /* libz.dylib */; };
		C91A787E19C8226C001C2731 /* libc++.dylib in Frameworks */ = {isa = PBXBuildFile; fileRef = C91A787D19C8226C001C2731 /* libc++.dylib */; };
		C921217919A2238B00994209 /* Metadata.mm in Sources */ = {isa = PBXBuildFile; fileRef = C921217519A2238B00994209 /* Metadata.mm */; };
		C921217A19A2238B00994209 /* MetaFile.mm in Sources */ = {isa = PBXBuildFile; fileRef = C921217819A2238B00994209 /* MetaFile.mm */; };
		C921218119A225C200994209 /* ObjCConstructorBase.mm in Sources */ = {isa = PBXBuildFile; fileRef = C921217C19A225C200994209 /* ObjCConstructorBase.mm */; };
		C921218219A225C200994209 /* ObjCConstructorDerived.cpp in Sources */ = {isa = PBXBuildFile; fileRef = C921217D19A225C200994209 /* ObjCConstructorDerived.cpp */; };
		C921218319A225C200994209 /* ObjCConstructorNative.mm in Sources */ = {isa = PBXBuildFile; fileRef = C921218019A225C200994209 /* ObjCConstructorNative.mm */; };
		C92121AC19A489F600994209 /* ReferenceTypeInstance.cpp in Sources */ = {isa = PBXBuildFile; fileRef = 85B2A70519752BC800616E60 /* ReferenceTypeInstance.cpp */; };
		C97E4C0D1A1CB57800B9125C /* ObjCBlockTypeConstructor.cpp in Sources */ = {isa = PBXBuildFile; fileRef = C97E4C0B1A1CB57800B9125C /* ObjCBlockTypeConstructor.cpp */; };
		C99026311A07DCED00BD06D2 /* ReferenceTypeConstructor.cpp in Sources */ = {isa = PBXBuildFile; fileRef = C990262F1A07DCED00BD06D2 /* ReferenceTypeConstructor.cpp */; };
		C9BB865019B4678F0070504D /* MetaFileReader.cpp in Sources */ = {isa = PBXBuildFile; fileRef = C9BB864E19B4678F0070504D /* MetaFileReader.cpp */; };
		C9DEA2081A16458900518F13 /* FunctionReferenceTypeConstructor.cpp in Sources */ = {isa = PBXBuildFile; fileRef = C9DEA2061A16458900518F13 /* FunctionReferenceTypeConstructor.cpp */; };
		CD270B9219FA6D8B0094CD6F /* FFISimpleType.cpp in Sources */ = {isa = PBXBuildFile; fileRef = CD270B9019FA6D8B0094CD6F /* FFISimpleType.cpp */; };
		CD82A7D2199365BB001C18AA /* ReferenceInstance.cpp in Sources */ = {isa = PBXBuildFile; fileRef = CD82A7D1199365BB001C18AA /* ReferenceInstance.cpp */; };
		CDC9F7381A9E18A300601997 /* TNSRuntime+Diagnostics.mm in Sources */ = {isa = PBXBuildFile; fileRef = CDC9F7371A9E18A300601997 /* TNSRuntime+Diagnostics.mm */; };
		F968D69D199129E900749C5D /* ObjCSuperObject.mm in Sources */ = {isa = PBXBuildFile; fileRef = F968D69C199129E900749C5D /* ObjCSuperObject.mm */; };
/* End PBXBuildFile section */

/* Begin PBXContainerItemProxy section */
		85B2A6D01975290000616E60 /* PBXContainerItemProxy */ = {
			isa = PBXContainerItemProxy;
			containerPortal = 85B2A6B2197528FF00616E60 /* Project object */;
			proxyType = 1;
			remoteGlobalIDString = 85B2A6B9197528FF00616E60;
			remoteInfo = NativeScript;
		};
/* End PBXContainerItemProxy section */

/* Begin PBXCopyFilesBuildPhase section */
		85B2A6B8197528FF00616E60 /* CopyFiles */ = {
			isa = PBXCopyFilesBuildPhase;
			buildActionMask = 2147483647;
			dstPath = "include/$(PRODUCT_NAME)";
			dstSubfolderSpec = 16;
			files = (
				85ABE190198BACD200EAC351 /* TNSRuntime+Inspector.h in CopyFiles */,
				85ABE18F198BACCD00EAC351 /* TNSRuntime.h in CopyFiles */,
				85B2A6F319752A0200616E60 /* NativeScript.h in CopyFiles */,
			);
			runOnlyForDeploymentPostprocessing = 0;
		};
/* End PBXCopyFilesBuildPhase section */

/* Begin PBXFileReference section */
		85ABE17519864DCD00EAC351 /* SymbolLoader.mm */ = {isa = PBXFileReference; fileEncoding = 4; lastKnownFileType = sourcecode.cpp.objcpp; path = SymbolLoader.mm; sourceTree = "<group>"; };
		85ABE17619864DCD00EAC351 /* SymbolLoader.h */ = {isa = PBXFileReference; fileEncoding = 4; lastKnownFileType = sourcecode.c.h; path = SymbolLoader.h; sourceTree = "<group>"; };
		85ABE186198B9AD100EAC351 /* TNSRuntime.h */ = {isa = PBXFileReference; fileEncoding = 4; lastKnownFileType = sourcecode.c.h; path = TNSRuntime.h; sourceTree = "<group>"; };
		85ABE187198B9AD100EAC351 /* TNSRuntime.mm */ = {isa = PBXFileReference; fileEncoding = 4; lastKnownFileType = sourcecode.cpp.objcpp; path = TNSRuntime.mm; sourceTree = "<group>"; };
		85ABE18C198BA63900EAC351 /* TNSRuntime+Inspector.h */ = {isa = PBXFileReference; fileEncoding = 4; lastKnownFileType = sourcecode.c.h; path = "TNSRuntime+Inspector.h"; sourceTree = "<group>"; };
		85ABE18D198BA63900EAC351 /* TNSRuntime+Inspector.mm */ = {isa = PBXFileReference; fileEncoding = 4; lastKnownFileType = sourcecode.cpp.objcpp; path = "TNSRuntime+Inspector.mm"; sourceTree = "<group>"; };
		85ABE194198BCCAB00EAC351 /* TNSRuntime+Private.h */ = {isa = PBXFileReference; lastKnownFileType = sourcecode.c.h; path = "TNSRuntime+Private.h"; sourceTree = "<group>"; };
		85B2A6BA197528FF00616E60 /* libNativeScript.a */ = {isa = PBXFileReference; explicitFileType = archive.ar; includeInIndex = 0; path = libNativeScript.a; sourceTree = BUILT_PRODUCTS_DIR; };
		85B2A6BD197528FF00616E60 /* Foundation.framework */ = {isa = PBXFileReference; lastKnownFileType = wrapper.framework; name = Foundation.framework; path = System/Library/Frameworks/Foundation.framework; sourceTree = SDKROOT; };
		85B2A6C1197528FF00616E60 /* NativeScript-Prefix.pch */ = {isa = PBXFileReference; lastKnownFileType = sourcecode.c.h; path = "NativeScript-Prefix.pch"; sourceTree = "<group>"; };
		85B2A6CA197528FF00616E60 /* NativeScriptTests.xctest */ = {isa = PBXFileReference; explicitFileType = wrapper.cfbundle; includeInIndex = 0; path = NativeScriptTests.xctest; sourceTree = BUILT_PRODUCTS_DIR; };
		85B2A6CB197528FF00616E60 /* XCTest.framework */ = {isa = PBXFileReference; lastKnownFileType = wrapper.framework; name = XCTest.framework; path = Library/Frameworks/XCTest.framework; sourceTree = DEVELOPER_DIR; };
		85B2A6D51975290000616E60 /* NativeScriptTests-Info.plist */ = {isa = PBXFileReference; lastKnownFileType = text.plist.xml; path = "NativeScriptTests-Info.plist"; sourceTree = "<group>"; };
		85B2A6D71975290000616E60 /* en */ = {isa = PBXFileReference; lastKnownFileType = text.plist.strings; name = en; path = en.lproj/InfoPlist.strings; sourceTree = "<group>"; };
		85B2A6F2197529BE00616E60 /* NativeScript.h */ = {isa = PBXFileReference; fileEncoding = 4; lastKnownFileType = sourcecode.c.h; path = NativeScript.h; sourceTree = "<group>"; };
		85B2A6F519752A9400616E60 /* FFICall.cpp */ = {isa = PBXFileReference; fileEncoding = 4; lastKnownFileType = sourcecode.cpp.cpp; path = FFICall.cpp; sourceTree = "<group>"; };
		85B2A6F619752A9400616E60 /* FFICall.h */ = {isa = PBXFileReference; fileEncoding = 4; lastKnownFileType = sourcecode.c.h; path = FFICall.h; sourceTree = "<group>"; };
		85B2A6F719752A9400616E60 /* FFICallback.h */ = {isa = PBXFileReference; fileEncoding = 4; lastKnownFileType = sourcecode.c.h; path = FFICallback.h; sourceTree = "<group>"; };
		85B2A6F919752A9400616E60 /* FFIFunctionCall.mm */ = {isa = PBXFileReference; fileEncoding = 4; lastKnownFileType = sourcecode.cpp.objcpp; path = FFIFunctionCall.mm; sourceTree = "<group>"; };
		85B2A6FA19752A9400616E60 /* FFIFunctionCall.h */ = {isa = PBXFileReference; fileEncoding = 4; lastKnownFileType = sourcecode.c.h; path = FFIFunctionCall.h; sourceTree = "<group>"; };
		85B2A6FE19752AF300616E60 /* FFIFunctionCallback.cpp */ = {isa = PBXFileReference; fileEncoding = 4; lastKnownFileType = sourcecode.cpp.cpp; path = FFIFunctionCallback.cpp; sourceTree = "<group>"; };
		85B2A6FF19752AF300616E60 /* FFIFunctionCallback.h */ = {isa = PBXFileReference; fileEncoding = 4; lastKnownFileType = sourcecode.c.h; path = FFIFunctionCallback.h; sourceTree = "<group>"; };
		85B2A70419752BC800616E60 /* ReferenceTypeInstance.h */ = {isa = PBXFileReference; fileEncoding = 4; lastKnownFileType = sourcecode.c.h; path = ReferenceTypeInstance.h; sourceTree = "<group>"; };
		85B2A70519752BC800616E60 /* ReferenceTypeInstance.cpp */ = {isa = PBXFileReference; fileEncoding = 4; lastKnownFileType = sourcecode.cpp.cpp; path = ReferenceTypeInstance.cpp; sourceTree = "<group>"; };
		85B2A70619752BC800616E60 /* FFIPrimitiveTypes.cpp */ = {isa = PBXFileReference; fileEncoding = 4; lastKnownFileType = sourcecode.cpp.cpp; path = FFIPrimitiveTypes.cpp; sourceTree = "<group>"; };
		85B2A70719752BC800616E60 /* FFIPrimitiveTypes.h */ = {isa = PBXFileReference; fileEncoding = 4; lastKnownFileType = sourcecode.c.h; path = FFIPrimitiveTypes.h; sourceTree = "<group>"; };
		85B2A70A19752BC800616E60 /* FFIType.h */ = {isa = PBXFileReference; fileEncoding = 4; lastKnownFileType = sourcecode.c.h; path = FFIType.h; sourceTree = "<group>"; };
		85B2A71019752CAF00616E60 /* ObjCBlockType.mm */ = {isa = PBXFileReference; fileEncoding = 4; lastKnownFileType = sourcecode.cpp.objcpp; path = ObjCBlockType.mm; sourceTree = "<group>"; };
		85B2A71119752CAF00616E60 /* ObjCBlockType.h */ = {isa = PBXFileReference; fileEncoding = 4; lastKnownFileType = sourcecode.c.h; path = ObjCBlockType.h; sourceTree = "<group>"; };
		85B2A71219752CAF00616E60 /* ObjCMethodCall.h */ = {isa = PBXFileReference; fileEncoding = 4; lastKnownFileType = sourcecode.c.h; path = ObjCMethodCall.h; sourceTree = "<group>"; };
		85B2A71319752CAF00616E60 /* ObjCMethodCall.mm */ = {isa = PBXFileReference; fileEncoding = 4; lastKnownFileType = sourcecode.cpp.objcpp; path = ObjCMethodCall.mm; sourceTree = "<group>"; };
		85B2A71419752CAF00616E60 /* ObjCMethodCallback.h */ = {isa = PBXFileReference; fileEncoding = 4; lastKnownFileType = sourcecode.c.h; path = ObjCMethodCallback.h; sourceTree = "<group>"; };
		85B2A71519752CAF00616E60 /* ObjCMethodCallback.mm */ = {isa = PBXFileReference; fileEncoding = 4; lastKnownFileType = sourcecode.cpp.objcpp; path = ObjCMethodCallback.mm; sourceTree = "<group>"; };
		85B2A71919752CEA00616E60 /* GlobalObject.mm */ = {isa = PBXFileReference; fileEncoding = 4; lastKnownFileType = sourcecode.cpp.objcpp; path = GlobalObject.mm; sourceTree = "<group>"; };
		85B2A71A19752CEA00616E60 /* GlobalObject.h */ = {isa = PBXFileReference; fileEncoding = 4; lastKnownFileType = sourcecode.c.h; path = GlobalObject.h; sourceTree = "<group>"; };
		85B2A74A197545A600616E60 /* ObjCTypes.h */ = {isa = PBXFileReference; fileEncoding = 4; lastKnownFileType = sourcecode.c.h; path = ObjCTypes.h; sourceTree = "<group>"; };
		85B2A74B197545A600616E60 /* ObjCTypes.mm */ = {isa = PBXFileReference; fileEncoding = 4; lastKnownFileType = sourcecode.cpp.objcpp; path = ObjCTypes.mm; sourceTree = "<group>"; };
		85B2A74D19754C2300616E60 /* libffi.a */ = {isa = PBXFileReference; lastKnownFileType = archive.ar; name = libffi.a; path = deps/libs/libffi.a; sourceTree = "<group>"; };
		85B2A75419756AE200616E60 /* TypeFactory.h */ = {isa = PBXFileReference; fileEncoding = 4; lastKnownFileType = sourcecode.c.h; path = TypeFactory.h; sourceTree = "<group>"; };
		85B2A75519756AE200616E60 /* TypeFactory.mm */ = {isa = PBXFileReference; fileEncoding = 4; lastKnownFileType = sourcecode.cpp.objcpp; path = TypeFactory.mm; sourceTree = "<group>"; };
		85B2A75A197807FF00616E60 /* ObjCWrapperObject.mm */ = {isa = PBXFileReference; fileEncoding = 4; lastKnownFileType = sourcecode.cpp.objcpp; path = ObjCWrapperObject.mm; sourceTree = "<group>"; };
		85B2A75B197807FF00616E60 /* ObjCWrapperObject.h */ = {isa = PBXFileReference; fileEncoding = 4; lastKnownFileType = sourcecode.c.h; path = ObjCWrapperObject.h; sourceTree = "<group>"; };
		85B2A789197818E200616E60 /* UIKit.framework */ = {isa = PBXFileReference; lastKnownFileType = wrapper.framework; name = UIKit.framework; path = System/Library/Frameworks/UIKit.framework; sourceTree = SDKROOT; };
		85B2A78E19781C6500616E60 /* ObjCPrototype.mm */ = {isa = PBXFileReference; fileEncoding = 4; lastKnownFileType = sourcecode.cpp.objcpp; path = ObjCPrototype.mm; sourceTree = "<group>"; };
		85B2A78F19781C6500616E60 /* ObjCPrototype.h */ = {isa = PBXFileReference; fileEncoding = 4; lastKnownFileType = sourcecode.c.h; path = ObjCPrototype.h; sourceTree = "<group>"; };
		85BD8CBF197FBEDC00C96EB8 /* libJavaScriptCore.a */ = {isa = PBXFileReference; lastKnownFileType = archive.ar; name = libJavaScriptCore.a; path = deps/lib/libJavaScriptCore.a; sourceTree = "<group>"; };
		85BD8CC2197FC29700C96EB8 /* FeatureDefines.xcconfig */ = {isa = PBXFileReference; lastKnownFileType = text.xcconfig; name = FeatureDefines.xcconfig; path = deps/FeatureDefines.xcconfig; sourceTree = SOURCE_ROOT; };
		85BD8CD019811B1500C96EB8 /* ObjCExtend.mm */ = {isa = PBXFileReference; fileEncoding = 4; lastKnownFileType = sourcecode.cpp.objcpp; path = ObjCExtend.mm; sourceTree = "<group>"; };
		85BD8CD319813EC000C96EB8 /* ObjCExtend.h */ = {isa = PBXFileReference; lastKnownFileType = sourcecode.c.h; path = ObjCExtend.h; sourceTree = "<group>"; };
		85F3B5E019DD6D7000A29DAC /* JSWeakRefConstructor.cpp */ = {isa = PBXFileReference; fileEncoding = 4; lastKnownFileType = sourcecode.cpp.cpp; path = JSWeakRefConstructor.cpp; sourceTree = "<group>"; };
		85F3B5E119DD6D7000A29DAC /* JSWeakRefConstructor.h */ = {isa = PBXFileReference; fileEncoding = 4; lastKnownFileType = sourcecode.c.h; path = JSWeakRefConstructor.h; sourceTree = "<group>"; };
		85F3B5E319DD6DA900A29DAC /* JSWeakRefPrototype.cpp */ = {isa = PBXFileReference; fileEncoding = 4; lastKnownFileType = sourcecode.cpp.cpp; path = JSWeakRefPrototype.cpp; sourceTree = "<group>"; };
		85F3B5E419DD6DA900A29DAC /* JSWeakRefPrototype.h */ = {isa = PBXFileReference; fileEncoding = 4; lastKnownFileType = sourcecode.c.h; path = JSWeakRefPrototype.h; sourceTree = "<group>"; };
		85F3B5E619DD6DBA00A29DAC /* JSWeakRefInstance.cpp */ = {isa = PBXFileReference; fileEncoding = 4; lastKnownFileType = sourcecode.cpp.cpp; path = JSWeakRefInstance.cpp; sourceTree = "<group>"; };
		85F3B5E719DD6DBA00A29DAC /* JSWeakRefInstance.h */ = {isa = PBXFileReference; fileEncoding = 4; lastKnownFileType = sourcecode.c.h; path = JSWeakRefInstance.h; sourceTree = "<group>"; };
		BD6CD00B140575151EA73415 /* RecordConstructor.h */ = {isa = PBXFileReference; fileEncoding = 4; lastKnownFileType = sourcecode.c.h; path = RecordConstructor.h; sourceTree = "<group>"; };
		BD6CD071152640E11B7C2003 /* ObjCBlockCall.h */ = {isa = PBXFileReference; fileEncoding = 4; lastKnownFileType = sourcecode.c.h; path = ObjCBlockCall.h; sourceTree = "<group>"; };
		BD6CD0A9BA78B636FA6B635D /* ObjCBlockCallback.cpp */ = {isa = PBXFileReference; fileEncoding = 4; lastKnownFileType = sourcecode.cpp.cpp; path = ObjCBlockCallback.cpp; sourceTree = "<group>"; };
		BD6CD0D9F280F89DB20F0C34 /* Interop.h */ = {isa = PBXFileReference; fileEncoding = 4; lastKnownFileType = sourcecode.c.h; path = Interop.h; sourceTree = "<group>"; };
		BD6CD0F32F895B7E041BA41A /* RecordPrototypeFunctions.cpp */ = {isa = PBXFileReference; fileEncoding = 4; lastKnownFileType = sourcecode.cpp.cpp; path = RecordPrototypeFunctions.cpp; sourceTree = "<group>"; };
		BD6CD103DA392AC0CFFB811E /* ReferenceConstructor.cpp */ = {isa = PBXFileReference; fileEncoding = 4; lastKnownFileType = sourcecode.cpp.cpp; path = ReferenceConstructor.cpp; sourceTree = "<group>"; };
		BD6CD244D33E44F734613521 /* ObjCClassBuilder.mm */ = {isa = PBXFileReference; fileEncoding = 4; lastKnownFileType = sourcecode.cpp.objcpp; path = ObjCClassBuilder.mm; sourceTree = "<group>"; };
		BD6CD2DF60005B4DB952BDCC /* RecordField.h */ = {isa = PBXFileReference; fileEncoding = 4; lastKnownFileType = sourcecode.c.h; path = RecordField.h; sourceTree = "<group>"; };
		BD6CD31E1104537D977336AB /* RecordInstance.h */ = {isa = PBXFileReference; fileEncoding = 4; lastKnownFileType = sourcecode.c.h; path = RecordInstance.h; sourceTree = "<group>"; };
		BD6CD353AF354E91DFF7CC3B /* FunctionReferenceConstructor.cpp */ = {isa = PBXFileReference; fileEncoding = 4; lastKnownFileType = sourcecode.cpp.cpp; path = FunctionReferenceConstructor.cpp; sourceTree = "<group>"; };
		BD6CD408930A4D633BA20590 /* PointerInstance.cpp */ = {isa = PBXFileReference; fileEncoding = 4; lastKnownFileType = sourcecode.cpp.cpp; path = PointerInstance.cpp; sourceTree = "<group>"; };
		BD6CD4096B36D3C30D83A48E /* PointerPrototype.cpp */ = {isa = PBXFileReference; fileEncoding = 4; lastKnownFileType = sourcecode.cpp.cpp; path = PointerPrototype.cpp; sourceTree = "<group>"; };
		BD6CD45A45169F678392AC7A /* RecordPrototypeFunctions.h */ = {isa = PBXFileReference; fileEncoding = 4; lastKnownFileType = sourcecode.c.h; path = RecordPrototypeFunctions.h; sourceTree = "<group>"; };
		BD6CD60BE2103BF20B664354 /* FFICallbackInlines.h */ = {isa = PBXFileReference; fileEncoding = 4; lastKnownFileType = sourcecode.c.h; path = FFICallbackInlines.h; sourceTree = "<group>"; };
		BD6CD61D24C8ACB2511EABF7 /* RecordInstance.cpp */ = {isa = PBXFileReference; fileEncoding = 4; lastKnownFileType = sourcecode.cpp.cpp; path = RecordInstance.cpp; sourceTree = "<group>"; };
		BD6CD634BE0BC9758C9DDCF9 /* FunctionReferenceTypeInstance.h */ = {isa = PBXFileReference; fileEncoding = 4; lastKnownFileType = sourcecode.c.h; path = FunctionReferenceTypeInstance.h; sourceTree = "<group>"; };
		BD6CD655C7461BA74AF044C5 /* RecordType.h */ = {isa = PBXFileReference; fileEncoding = 4; lastKnownFileType = sourcecode.c.h; path = RecordType.h; sourceTree = "<group>"; };
		BD6CD65A37D4C4B2AED7EC31 /* FunctionReferenceInstance.h */ = {isa = PBXFileReference; fileEncoding = 4; lastKnownFileType = sourcecode.c.h; path = FunctionReferenceInstance.h; sourceTree = "<group>"; };
		BD6CD6C9A6CE4AD69E33A428 /* ObjCPrimitiveTypes.mm */ = {isa = PBXFileReference; fileEncoding = 4; lastKnownFileType = sourcecode.cpp.objcpp; path = ObjCPrimitiveTypes.mm; sourceTree = "<group>"; };
		BD6CD6DFBEAC00BD696DB823 /* ObjCBlockCall.mm */ = {isa = PBXFileReference; fileEncoding = 4; lastKnownFileType = sourcecode.cpp.objcpp; path = ObjCBlockCall.mm; sourceTree = "<group>"; };
		BD6CD733844FCA9335868E59 /* FFINumericTypes.h */ = {isa = PBXFileReference; fileEncoding = 4; lastKnownFileType = sourcecode.c.h; path = FFINumericTypes.h; sourceTree = "<group>"; };
		BD6CD7539B3AFE8472C90295 /* ObjCConstructorCall.mm */ = {isa = PBXFileReference; fileEncoding = 4; lastKnownFileType = sourcecode.cpp.objcpp; path = ObjCConstructorCall.mm; sourceTree = "<group>"; };
		BD6CD7976F59F7F50CEA6CF7 /* Interop.mm */ = {isa = PBXFileReference; fileEncoding = 4; lastKnownFileType = sourcecode.cpp.objcpp; path = Interop.mm; sourceTree = "<group>"; };
		BD6CD84436C7CC15D68CEA17 /* ReferencePrototype.cpp */ = {isa = PBXFileReference; fileEncoding = 4; lastKnownFileType = sourcecode.cpp.cpp; path = ReferencePrototype.cpp; sourceTree = "<group>"; };
		BD6CD89E504604A265632C9F /* FunctionReferenceInstance.cpp */ = {isa = PBXFileReference; fileEncoding = 4; lastKnownFileType = sourcecode.cpp.cpp; path = FunctionReferenceInstance.cpp; sourceTree = "<group>"; };
		BD6CD939EFDDBA649646E200 /* PointerPrototype.h */ = {isa = PBXFileReference; fileEncoding = 4; lastKnownFileType = sourcecode.c.h; path = PointerPrototype.h; sourceTree = "<group>"; };
		BD6CD94A656303C0DBD58533 /* RecordPrototype.h */ = {isa = PBXFileReference; fileEncoding = 4; lastKnownFileType = sourcecode.c.h; path = RecordPrototype.h; sourceTree = "<group>"; };
		BD6CD95C88B1AFF53834340B /* ObjCTypeScriptExtend.h */ = {isa = PBXFileReference; fileEncoding = 4; lastKnownFileType = sourcecode.c.h; path = ObjCTypeScriptExtend.h; sourceTree = "<group>"; };
		BD6CD9E0DB9A2C23F4BC7694 /* FunctionReferenceConstructor.h */ = {isa = PBXFileReference; fileEncoding = 4; lastKnownFileType = sourcecode.c.h; path = FunctionReferenceConstructor.h; sourceTree = "<group>"; };
		BD6CDA26FB52B976B6376BC8 /* ObjCConstructorCall.h */ = {isa = PBXFileReference; fileEncoding = 4; lastKnownFileType = sourcecode.c.h; path = ObjCConstructorCall.h; sourceTree = "<group>"; };
		BD6CDA2F2B1CE1849F13BBA0 /* RecordConstructor.cpp */ = {isa = PBXFileReference; fileEncoding = 4; lastKnownFileType = sourcecode.cpp.cpp; path = RecordConstructor.cpp; sourceTree = "<group>"; };
		BD6CDA4CE1413FEB5DB81EF8 /* ReferencePrototype.h */ = {isa = PBXFileReference; fileEncoding = 4; lastKnownFileType = sourcecode.c.h; path = ReferencePrototype.h; sourceTree = "<group>"; };
		BD6CDAAEF91C3AEAAE0BD69A /* ObjCClassBuilder.h */ = {isa = PBXFileReference; fileEncoding = 4; lastKnownFileType = sourcecode.c.h; path = ObjCClassBuilder.h; sourceTree = "<group>"; };
		BD6CDB044C69083C20E2D0D9 /* FunctionReferenceTypeInstance.cpp */ = {isa = PBXFileReference; fileEncoding = 4; lastKnownFileType = sourcecode.cpp.cpp; path = FunctionReferenceTypeInstance.cpp; sourceTree = "<group>"; };
		BD6CDB5574B54DB2BF511EC8 /* FFIType.cpp */ = {isa = PBXFileReference; fileEncoding = 4; lastKnownFileType = sourcecode.cpp.cpp; path = FFIType.cpp; sourceTree = "<group>"; };
		BD6CDC269C1AEA2AF4B0475E /* FFINumericTypes.mm */ = {isa = PBXFileReference; fileEncoding = 4; lastKnownFileType = sourcecode.cpp.objcpp; path = FFINumericTypes.mm; sourceTree = "<group>"; };
		BD6CDC783FFE53514CC07953 /* JSWarnings.h */ = {isa = PBXFileReference; fileEncoding = 4; lastKnownFileType = sourcecode.c.h; path = JSWarnings.h; sourceTree = "<group>"; };
		BD6CDC961BF9072FC2C034D1 /* JSWarnings.cpp */ = {isa = PBXFileReference; fileEncoding = 4; lastKnownFileType = sourcecode.cpp.cpp; path = JSWarnings.cpp; sourceTree = "<group>"; };
		BD6CDCD27AA2798FEBA03178 /* RecordField.cpp */ = {isa = PBXFileReference; fileEncoding = 4; lastKnownFileType = sourcecode.cpp.cpp; path = RecordField.cpp; sourceTree = "<group>"; };
		BD6CDDFEF8EBEE472554A5FB /* ObjCBlockCallback.h */ = {isa = PBXFileReference; fileEncoding = 4; lastKnownFileType = sourcecode.c.h; path = ObjCBlockCallback.h; sourceTree = "<group>"; };
		BD6CDE50F6243DEF41F409AD /* ObjCPrimitiveTypes.h */ = {isa = PBXFileReference; fileEncoding = 4; lastKnownFileType = sourcecode.c.h; path = ObjCPrimitiveTypes.h; sourceTree = "<group>"; };
		BD6CDE51A9DA052887F8911A /* ObjCProtocolWrapper.mm */ = {isa = PBXFileReference; fileEncoding = 4; lastKnownFileType = sourcecode.cpp.objcpp; path = ObjCProtocolWrapper.mm; sourceTree = "<group>"; };
		BD6CDE858AE6828AAA36F036 /* PointerConstructor.cpp */ = {isa = PBXFileReference; fileEncoding = 4; lastKnownFileType = sourcecode.cpp.cpp; path = PointerConstructor.cpp; sourceTree = "<group>"; };
		BD6CDE9E81E1CEEEA7092ABC /* ObjCTypeScriptExtend.mm */ = {isa = PBXFileReference; fileEncoding = 4; lastKnownFileType = sourcecode.cpp.objcpp; path = ObjCTypeScriptExtend.mm; sourceTree = "<group>"; };
		BD6CDFA5E2439D618B215875 /* RecordPrototype.cpp */ = {isa = PBXFileReference; fileEncoding = 4; lastKnownFileType = sourcecode.cpp.cpp; path = RecordPrototype.cpp; sourceTree = "<group>"; };
		BD6CDFAA84BE76630AD4FB08 /* PointerInstance.h */ = {isa = PBXFileReference; fileEncoding = 4; lastKnownFileType = sourcecode.c.h; path = PointerInstance.h; sourceTree = "<group>"; };
		BD6CDFAE0F4FDE118170B9B5 /* PointerConstructor.h */ = {isa = PBXFileReference; fileEncoding = 4; lastKnownFileType = sourcecode.c.h; path = PointerConstructor.h; sourceTree = "<group>"; };
		BD6CDFB736D1CA66D243B67D /* ReferenceConstructor.h */ = {isa = PBXFileReference; fileEncoding = 4; lastKnownFileType = sourcecode.c.h; path = ReferenceConstructor.h; sourceTree = "<group>"; };
		BD6CDFC7E2F646E00C59A5B1 /* ObjCProtocolWrapper.h */ = {isa = PBXFileReference; fileEncoding = 4; lastKnownFileType = sourcecode.c.h; path = ObjCProtocolWrapper.h; sourceTree = "<group>"; };
		C48120741990B9AB000814FE /* inlineFunctions.js */ = {isa = PBXFileReference; fileEncoding = 4; lastKnownFileType = sourcecode.javascript; path = inlineFunctions.js; sourceTree = "<group>"; };
		C90090A819C8587A008C1794 /* MetadataTests.mm */ = {isa = PBXFileReference; fileEncoding = 4; lastKnownFileType = sourcecode.cpp.objcpp; path = MetadataTests.mm; sourceTree = "<group>"; };
		C91A787919C82254001C2731 /* libicucore.dylib */ = {isa = PBXFileReference; lastKnownFileType = "compiled.mach-o.dylib"; name = libicucore.dylib; path = usr/lib/libicucore.dylib; sourceTree = SDKROOT; };
		C91A787B19C82263001C2731 /* libz.dylib */ = {isa = PBXFileReference; lastKnownFileType = "compiled.mach-o.dylib"; name = libz.dylib; path = usr/lib/libz.dylib; sourceTree = SDKROOT; };
		C91A787D19C8226C001C2731 /* libc++.dylib */ = {isa = PBXFileReference; lastKnownFileType = "compiled.mach-o.dylib"; name = "libc++.dylib"; path = "usr/lib/libc++.dylib"; sourceTree = SDKROOT; };
		C921217519A2238B00994209 /* Metadata.mm */ = {isa = PBXFileReference; fileEncoding = 4; lastKnownFileType = sourcecode.cpp.objcpp; path = Metadata.mm; sourceTree = "<group>"; };
		C921217619A2238B00994209 /* Metadata.h */ = {isa = PBXFileReference; fileEncoding = 4; lastKnownFileType = sourcecode.c.h; path = Metadata.h; sourceTree = "<group>"; };
		C921217719A2238B00994209 /* MetaFile.h */ = {isa = PBXFileReference; fileEncoding = 4; lastKnownFileType = sourcecode.c.h; path = MetaFile.h; sourceTree = "<group>"; };
		C921217819A2238B00994209 /* MetaFile.mm */ = {isa = PBXFileReference; fileEncoding = 4; lastKnownFileType = sourcecode.cpp.objcpp; path = MetaFile.mm; sourceTree = "<group>"; };
		C921217B19A225C200994209 /* ObjCConstructorBase.h */ = {isa = PBXFileReference; fileEncoding = 4; lastKnownFileType = sourcecode.c.h; path = ObjCConstructorBase.h; sourceTree = "<group>"; };
		C921217C19A225C200994209 /* ObjCConstructorBase.mm */ = {isa = PBXFileReference; fileEncoding = 4; lastKnownFileType = sourcecode.cpp.objcpp; path = ObjCConstructorBase.mm; sourceTree = "<group>"; };
		C921217D19A225C200994209 /* ObjCConstructorDerived.cpp */ = {isa = PBXFileReference; fileEncoding = 4; lastKnownFileType = sourcecode.cpp.cpp; path = ObjCConstructorDerived.cpp; sourceTree = "<group>"; };
		C921217E19A225C200994209 /* ObjCConstructorDerived.h */ = {isa = PBXFileReference; fileEncoding = 4; lastKnownFileType = sourcecode.c.h; path = ObjCConstructorDerived.h; sourceTree = "<group>"; };
		C921217F19A225C200994209 /* ObjCConstructorNative.h */ = {isa = PBXFileReference; fileEncoding = 4; lastKnownFileType = sourcecode.c.h; path = ObjCConstructorNative.h; sourceTree = "<group>"; };
		C921218019A225C200994209 /* ObjCConstructorNative.mm */ = {isa = PBXFileReference; fileEncoding = 4; lastKnownFileType = sourcecode.cpp.objcpp; path = ObjCConstructorNative.mm; sourceTree = "<group>"; };
		C97E4C0B1A1CB57800B9125C /* ObjCBlockTypeConstructor.cpp */ = {isa = PBXFileReference; fileEncoding = 4; lastKnownFileType = sourcecode.cpp.cpp; path = ObjCBlockTypeConstructor.cpp; sourceTree = "<group>"; };
		C97E4C0C1A1CB57800B9125C /* ObjCBlockTypeConstructor.h */ = {isa = PBXFileReference; fileEncoding = 4; lastKnownFileType = sourcecode.c.h; path = ObjCBlockTypeConstructor.h; sourceTree = "<group>"; };
		C990262F1A07DCED00BD06D2 /* ReferenceTypeConstructor.cpp */ = {isa = PBXFileReference; fileEncoding = 4; lastKnownFileType = sourcecode.cpp.cpp; path = ReferenceTypeConstructor.cpp; sourceTree = "<group>"; };
		C99026301A07DCED00BD06D2 /* ReferenceTypeConstructor.h */ = {isa = PBXFileReference; fileEncoding = 4; lastKnownFileType = sourcecode.c.h; path = ReferenceTypeConstructor.h; sourceTree = "<group>"; };
		C9A9164419E6D344002B1CC5 /* libwebsockets.dylib */ = {isa = PBXFileReference; lastKnownFileType = "compiled.mach-o.dylib"; name = libwebsockets.dylib; path = deps/lib/libwebsockets.dylib; sourceTree = "<group>"; };
		C9BB864E19B4678F0070504D /* MetaFileReader.cpp */ = {isa = PBXFileReference; fileEncoding = 4; lastKnownFileType = sourcecode.cpp.cpp; path = MetaFileReader.cpp; sourceTree = "<group>"; };
		C9BB864F19B4678F0070504D /* MetaFileReader.h */ = {isa = PBXFileReference; fileEncoding = 4; lastKnownFileType = sourcecode.c.h; path = MetaFileReader.h; sourceTree = "<group>"; };
		C9DEA2041A163D8A00518F13 /* WeakHandleOwners.h */ = {isa = PBXFileReference; fileEncoding = 4; lastKnownFileType = sourcecode.c.h; path = WeakHandleOwners.h; sourceTree = "<group>"; };
		C9DEA2061A16458900518F13 /* FunctionReferenceTypeConstructor.cpp */ = {isa = PBXFileReference; fileEncoding = 4; lastKnownFileType = sourcecode.cpp.cpp; path = FunctionReferenceTypeConstructor.cpp; sourceTree = "<group>"; };
		C9DEA2071A16458900518F13 /* FunctionReferenceTypeConstructor.h */ = {isa = PBXFileReference; fileEncoding = 4; lastKnownFileType = sourcecode.c.h; path = FunctionReferenceTypeConstructor.h; sourceTree = "<group>"; };
		CD270B9019FA6D8B0094CD6F /* FFISimpleType.cpp */ = {isa = PBXFileReference; fileEncoding = 4; lastKnownFileType = sourcecode.cpp.cpp; path = FFISimpleType.cpp; sourceTree = "<group>"; };
		CD270B9119FA6D8B0094CD6F /* FFISimpleType.h */ = {isa = PBXFileReference; fileEncoding = 4; lastKnownFileType = sourcecode.c.h; path = FFISimpleType.h; sourceTree = "<group>"; };
		CD426CEC19C85BE200BD7AA4 /* __extends.js */ = {isa = PBXFileReference; fileEncoding = 4; lastKnownFileType = sourcecode.javascript; path = __extends.js; sourceTree = "<group>"; };
		CD82A7D0199365BB001C18AA /* ReferenceInstance.h */ = {isa = PBXFileReference; fileEncoding = 4; lastKnownFileType = sourcecode.c.h; path = ReferenceInstance.h; sourceTree = "<group>"; };
		CD82A7D1199365BB001C18AA /* ReferenceInstance.cpp */ = {isa = PBXFileReference; fileEncoding = 4; lastKnownFileType = sourcecode.cpp.cpp; path = ReferenceInstance.cpp; sourceTree = "<group>"; };
		CD8F93371988D2010029415A /* require.js */ = {isa = PBXFileReference; fileEncoding = 4; lastKnownFileType = sourcecode.javascript; path = require.js; sourceTree = "<group>"; };
		CDC9F7361A9E18A300601997 /* TNSRuntime+Diagnostics.h */ = {isa = PBXFileReference; fileEncoding = 4; lastKnownFileType = sourcecode.c.h; path = "TNSRuntime+Diagnostics.h"; sourceTree = "<group>"; };
		CDC9F7371A9E18A300601997 /* TNSRuntime+Diagnostics.mm */ = {isa = PBXFileReference; fileEncoding = 4; lastKnownFileType = sourcecode.cpp.objcpp; path = "TNSRuntime+Diagnostics.mm"; sourceTree = "<group>"; };
		F968D69B199129BD00749C5D /* ObjCSuperObject.h */ = {isa = PBXFileReference; lastKnownFileType = sourcecode.c.h; path = ObjCSuperObject.h; sourceTree = "<group>"; };
		F968D69C199129E900749C5D /* ObjCSuperObject.mm */ = {isa = PBXFileReference; fileEncoding = 4; lastKnownFileType = sourcecode.cpp.objcpp; path = ObjCSuperObject.mm; sourceTree = "<group>"; };
/* End PBXFileReference section */

/* Begin PBXFrameworksBuildPhase section */
		85B2A6B7197528FF00616E60 /* Frameworks */ = {
			isa = PBXFrameworksBuildPhase;
			buildActionMask = 2147483647;
			files = (
				85BD8CC0197FBEDC00C96EB8 /* libJavaScriptCore.a in Frameworks */,
				85B2A74E19754C2300616E60 /* libffi.a in Frameworks */,
			);
			runOnlyForDeploymentPostprocessing = 0;
		};
		85B2A6C7197528FF00616E60 /* Frameworks */ = {
			isa = PBXFrameworksBuildPhase;
			buildActionMask = 2147483647;
			files = (
				C474AC8419E5846600D8D067 /* UIKit.framework in Frameworks */,
				C91A787E19C8226C001C2731 /* libc++.dylib in Frameworks */,
				C91A787C19C82263001C2731 /* libz.dylib in Frameworks */,
				C91A787A19C82254001C2731 /* libicucore.dylib in Frameworks */,
				85B2A6CC197528FF00616E60 /* XCTest.framework in Frameworks */,
				85B2A6CD1975290000616E60 /* Foundation.framework in Frameworks */,
				85B2A6D21975290000616E60 /* libNativeScript.a in Frameworks */,
			);
			runOnlyForDeploymentPostprocessing = 0;
		};
/* End PBXFrameworksBuildPhase section */

/* Begin PBXGroup section */
		85B2A6B1197528FF00616E60 = {
			isa = PBXGroup;
			children = (
				85B2A6BF197528FF00616E60 /* NativeScript */,
				85B2A6D31975290000616E60 /* NativeScriptTests */,
				85B2A6BC197528FF00616E60 /* Frameworks */,
				85B2A6BB197528FF00616E60 /* Products */,
			);
			sourceTree = "<group>";
		};
		85B2A6BB197528FF00616E60 /* Products */ = {
			isa = PBXGroup;
			children = (
				85B2A6BA197528FF00616E60 /* libNativeScript.a */,
				85B2A6CA197528FF00616E60 /* NativeScriptTests.xctest */,
			);
			name = Products;
			sourceTree = "<group>";
		};
		85B2A6BC197528FF00616E60 /* Frameworks */ = {
			isa = PBXGroup;
			children = (
				C9A9164419E6D344002B1CC5 /* libwebsockets.dylib */,
				C91A787D19C8226C001C2731 /* libc++.dylib */,
				C91A787B19C82263001C2731 /* libz.dylib */,
				C91A787919C82254001C2731 /* libicucore.dylib */,
				85BD8CBF197FBEDC00C96EB8 /* libJavaScriptCore.a */,
				85B2A789197818E200616E60 /* UIKit.framework */,
				85B2A74D19754C2300616E60 /* libffi.a */,
				85B2A6BD197528FF00616E60 /* Foundation.framework */,
				85B2A6CB197528FF00616E60 /* XCTest.framework */,
			);
			name = Frameworks;
			sourceTree = "<group>";
		};
		85B2A6BF197528FF00616E60 /* NativeScript */ = {
			isa = PBXGroup;
			children = (
				85B2A6F419752A5300616E60 /* Calling */,
				85B2A70119752B8000616E60 /* Marshalling */,
				85B2A70F19752C7E00616E60 /* ObjC */,
				C921217419A2238000994209 /* Metadata */,
				85F3B5DF19DD6D0300A29DAC /* Runtime */,
				CD426CEC19C85BE200BD7AA4 /* __extends.js */,
				CD8F93371988D2010029415A /* require.js */,
				C48120741990B9AB000814FE /* inlineFunctions.js */,
				85ABE17619864DCD00EAC351 /* SymbolLoader.h */,
				85ABE17519864DCD00EAC351 /* SymbolLoader.mm */,
				85B2A75419756AE200616E60 /* TypeFactory.h */,
				85B2A75519756AE200616E60 /* TypeFactory.mm */,
				85B2A71A19752CEA00616E60 /* GlobalObject.h */,
				85B2A71919752CEA00616E60 /* GlobalObject.mm */,
				85B2A6F2197529BE00616E60 /* NativeScript.h */,
				85ABE186198B9AD100EAC351 /* TNSRuntime.h */,
				85ABE187198B9AD100EAC351 /* TNSRuntime.mm */,
				85ABE194198BCCAB00EAC351 /* TNSRuntime+Private.h */,
				85ABE18C198BA63900EAC351 /* TNSRuntime+Inspector.h */,
				85ABE18D198BA63900EAC351 /* TNSRuntime+Inspector.mm */,
				CDC9F7361A9E18A300601997 /* TNSRuntime+Diagnostics.h */,
				CDC9F7371A9E18A300601997 /* TNSRuntime+Diagnostics.mm */,
				BD6CD0D9F280F89DB20F0C34 /* Interop.h */,
				BD6CD7976F59F7F50CEA6CF7 /* Interop.mm */,
				BD6CDC783FFE53514CC07953 /* JSWarnings.h */,
				BD6CDC961BF9072FC2C034D1 /* JSWarnings.cpp */,
				C9DEA2041A163D8A00518F13 /* WeakHandleOwners.h */,
				85B2A6C0197528FF00616E60 /* Supporting Files */,
			);
			path = NativeScript;
			sourceTree = "<group>";
		};
		85B2A6C0197528FF00616E60 /* Supporting Files */ = {
			isa = PBXGroup;
			children = (
				85BD8CC2197FC29700C96EB8 /* FeatureDefines.xcconfig */,
				85B2A6C1197528FF00616E60 /* NativeScript-Prefix.pch */,
			);
			name = "Supporting Files";
			sourceTree = "<group>";
		};
		85B2A6D31975290000616E60 /* NativeScriptTests */ = {
			isa = PBXGroup;
			children = (
				C90090A819C8587A008C1794 /* MetadataTests.mm */,
				85B2A6D41975290000616E60 /* Supporting Files */,
			);
			path = NativeScriptTests;
			sourceTree = "<group>";
		};
		85B2A6D41975290000616E60 /* Supporting Files */ = {
			isa = PBXGroup;
			children = (
				85B2A6D51975290000616E60 /* NativeScriptTests-Info.plist */,
				85B2A6D61975290000616E60 /* InfoPlist.strings */,
			);
			name = "Supporting Files";
			sourceTree = "<group>";
		};
		85B2A6F419752A5300616E60 /* Calling */ = {
			isa = PBXGroup;
			children = (
				85B2A6F619752A9400616E60 /* FFICall.h */,
				85B2A6F519752A9400616E60 /* FFICall.cpp */,
				85B2A6FA19752A9400616E60 /* FFIFunctionCall.h */,
				85B2A6F919752A9400616E60 /* FFIFunctionCall.mm */,
				85B2A6F719752A9400616E60 /* FFICallback.h */,
				BD6CD60BE2103BF20B664354 /* FFICallbackInlines.h */,
				85B2A6FF19752AF300616E60 /* FFIFunctionCallback.h */,
				85B2A6FE19752AF300616E60 /* FFIFunctionCallback.cpp */,
			);
			name = Calling;
			sourceTree = "<group>";
		};
		85B2A70119752B8000616E60 /* Marshalling */ = {
			isa = PBXGroup;
			children = (
				CDDF859019F13019006B45D4 /* Record */,
				CD270B8419FA5A570094CD6F /* Reference */,
				CD270B8519FA5A5F0094CD6F /* FunctionReference */,
				CD270B8319FA5A4D0094CD6F /* Pointer */,
				CD270B8619FA5A8C0094CD6F /* Fundamentals */,
				85B2A70A19752BC800616E60 /* FFIType.h */,
				BD6CDB5574B54DB2BF511EC8 /* FFIType.cpp */,
				CD270B9119FA6D8B0094CD6F /* FFISimpleType.h */,
				CD270B9019FA6D8B0094CD6F /* FFISimpleType.cpp */,
			);
			name = Marshalling;
			sourceTree = "<group>";
		};
		85B2A70F19752C7E00616E60 /* ObjC */ = {
			isa = PBXGroup;
			children = (
				CD270B8719FA5CA50094CD6F /* Constructor */,
				CD270B8819FA5CB00094CD6F /* Block */,
				CD270B8919FA5CC20094CD6F /* Inheritance */,
				85B2A74A197545A600616E60 /* ObjCTypes.h */,
				85B2A74B197545A600616E60 /* ObjCTypes.mm */,
				BD6CDE50F6243DEF41F409AD /* ObjCPrimitiveTypes.h */,
				BD6CD6C9A6CE4AD69E33A428 /* ObjCPrimitiveTypes.mm */,
				85B2A71219752CAF00616E60 /* ObjCMethodCall.h */,
				85B2A71319752CAF00616E60 /* ObjCMethodCall.mm */,
				85B2A71419752CAF00616E60 /* ObjCMethodCallback.h */,
				85B2A71519752CAF00616E60 /* ObjCMethodCallback.mm */,
				85B2A75B197807FF00616E60 /* ObjCWrapperObject.h */,
				85B2A75A197807FF00616E60 /* ObjCWrapperObject.mm */,
				85B2A78F19781C6500616E60 /* ObjCPrototype.h */,
				85B2A78E19781C6500616E60 /* ObjCPrototype.mm */,
				F968D69B199129BD00749C5D /* ObjCSuperObject.h */,
				F968D69C199129E900749C5D /* ObjCSuperObject.mm */,
				BD6CDFC7E2F646E00C59A5B1 /* ObjCProtocolWrapper.h */,
				BD6CDE51A9DA052887F8911A /* ObjCProtocolWrapper.mm */,
			);
			name = ObjC;
			sourceTree = "<group>";
		};
		85F3B5DF19DD6D0300A29DAC /* Runtime */ = {
			isa = PBXGroup;
			children = (
				85F3B5E119DD6D7000A29DAC /* JSWeakRefConstructor.h */,
				85F3B5E019DD6D7000A29DAC /* JSWeakRefConstructor.cpp */,
				85F3B5E419DD6DA900A29DAC /* JSWeakRefPrototype.h */,
				85F3B5E319DD6DA900A29DAC /* JSWeakRefPrototype.cpp */,
				85F3B5E719DD6DBA00A29DAC /* JSWeakRefInstance.h */,
				85F3B5E619DD6DBA00A29DAC /* JSWeakRefInstance.cpp */,
			);
			name = Runtime;
			sourceTree = "<group>";
		};
		C921217419A2238000994209 /* Metadata */ = {
			isa = PBXGroup;
			children = (
				C921217619A2238B00994209 /* Metadata.h */,
				C921217519A2238B00994209 /* Metadata.mm */,
				C9BB864F19B4678F0070504D /* MetaFileReader.h */,
				C9BB864E19B4678F0070504D /* MetaFileReader.cpp */,
				C921217719A2238B00994209 /* MetaFile.h */,
				C921217819A2238B00994209 /* MetaFile.mm */,
			);
			name = Metadata;
			sourceTree = "<group>";
		};
		CD270B8319FA5A4D0094CD6F /* Pointer */ = {
			isa = PBXGroup;
			children = (
				BD6CDFAE0F4FDE118170B9B5 /* PointerConstructor.h */,
				BD6CDE858AE6828AAA36F036 /* PointerConstructor.cpp */,
				BD6CD939EFDDBA649646E200 /* PointerPrototype.h */,
				BD6CD4096B36D3C30D83A48E /* PointerPrototype.cpp */,
				BD6CDFAA84BE76630AD4FB08 /* PointerInstance.h */,
				BD6CD408930A4D633BA20590 /* PointerInstance.cpp */,
			);
			name = Pointer;
			sourceTree = "<group>";
		};
		CD270B8419FA5A570094CD6F /* Reference */ = {
			isa = PBXGroup;
			children = (
				BD6CDFB736D1CA66D243B67D /* ReferenceConstructor.h */,
				BD6CD103DA392AC0CFFB811E /* ReferenceConstructor.cpp */,
				BD6CDA4CE1413FEB5DB81EF8 /* ReferencePrototype.h */,
				BD6CD84436C7CC15D68CEA17 /* ReferencePrototype.cpp */,
				CD82A7D0199365BB001C18AA /* ReferenceInstance.h */,
				CD82A7D1199365BB001C18AA /* ReferenceInstance.cpp */,
				C99026301A07DCED00BD06D2 /* ReferenceTypeConstructor.h */,
				C990262F1A07DCED00BD06D2 /* ReferenceTypeConstructor.cpp */,
				85B2A70419752BC800616E60 /* ReferenceTypeInstance.h */,
				85B2A70519752BC800616E60 /* ReferenceTypeInstance.cpp */,
			);
			name = Reference;
			sourceTree = "<group>";
		};
		CD270B8519FA5A5F0094CD6F /* FunctionReference */ = {
			isa = PBXGroup;
			children = (
				C9DEA2071A16458900518F13 /* FunctionReferenceTypeConstructor.h */,
				C9DEA2061A16458900518F13 /* FunctionReferenceTypeConstructor.cpp */,
				BD6CD634BE0BC9758C9DDCF9 /* FunctionReferenceTypeInstance.h */,
				BD6CDB044C69083C20E2D0D9 /* FunctionReferenceTypeInstance.cpp */,
				BD6CD65A37D4C4B2AED7EC31 /* FunctionReferenceInstance.h */,
				BD6CD89E504604A265632C9F /* FunctionReferenceInstance.cpp */,
				BD6CD9E0DB9A2C23F4BC7694 /* FunctionReferenceConstructor.h */,
				BD6CD353AF354E91DFF7CC3B /* FunctionReferenceConstructor.cpp */,
			);
			name = FunctionReference;
			sourceTree = "<group>";
		};
		CD270B8619FA5A8C0094CD6F /* Fundamentals */ = {
			isa = PBXGroup;
			children = (
				85B2A70719752BC800616E60 /* FFIPrimitiveTypes.h */,
				85B2A70619752BC800616E60 /* FFIPrimitiveTypes.cpp */,
				BD6CD733844FCA9335868E59 /* FFINumericTypes.h */,
				BD6CDC269C1AEA2AF4B0475E /* FFINumericTypes.mm */,
			);
			name = Fundamentals;
			sourceTree = "<group>";
		};
		CD270B8719FA5CA50094CD6F /* Constructor */ = {
			isa = PBXGroup;
			children = (
				C921217B19A225C200994209 /* ObjCConstructorBase.h */,
				C921217C19A225C200994209 /* ObjCConstructorBase.mm */,
				C921217E19A225C200994209 /* ObjCConstructorDerived.h */,
				C921217D19A225C200994209 /* ObjCConstructorDerived.cpp */,
				C921217F19A225C200994209 /* ObjCConstructorNative.h */,
				C921218019A225C200994209 /* ObjCConstructorNative.mm */,
				BD6CDA26FB52B976B6376BC8 /* ObjCConstructorCall.h */,
				BD6CD7539B3AFE8472C90295 /* ObjCConstructorCall.mm */,
			);
			name = Constructor;
			sourceTree = "<group>";
		};
		CD270B8819FA5CB00094CD6F /* Block */ = {
			isa = PBXGroup;
			children = (
				C97E4C0B1A1CB57800B9125C /* ObjCBlockTypeConstructor.cpp */,
				C97E4C0C1A1CB57800B9125C /* ObjCBlockTypeConstructor.h */,
				85B2A71119752CAF00616E60 /* ObjCBlockType.h */,
				85B2A71019752CAF00616E60 /* ObjCBlockType.mm */,
				BD6CD071152640E11B7C2003 /* ObjCBlockCall.h */,
				BD6CD6DFBEAC00BD696DB823 /* ObjCBlockCall.mm */,
				BD6CDDFEF8EBEE472554A5FB /* ObjCBlockCallback.h */,
				BD6CD0A9BA78B636FA6B635D /* ObjCBlockCallback.cpp */,
			);
			name = Block;
			sourceTree = "<group>";
		};
		CD270B8919FA5CC20094CD6F /* Inheritance */ = {
			isa = PBXGroup;
			children = (
				BD6CDAAEF91C3AEAAE0BD69A /* ObjCClassBuilder.h */,
				BD6CD244D33E44F734613521 /* ObjCClassBuilder.mm */,
				85BD8CD319813EC000C96EB8 /* ObjCExtend.h */,
				85BD8CD019811B1500C96EB8 /* ObjCExtend.mm */,
				BD6CD95C88B1AFF53834340B /* ObjCTypeScriptExtend.h */,
				BD6CDE9E81E1CEEEA7092ABC /* ObjCTypeScriptExtend.mm */,
			);
			name = Inheritance;
			sourceTree = "<group>";
		};
		CDDF859019F13019006B45D4 /* Record */ = {
			isa = PBXGroup;
			children = (
				BD6CD655C7461BA74AF044C5 /* RecordType.h */,
				BD6CD00B140575151EA73415 /* RecordConstructor.h */,
				BD6CDA2F2B1CE1849F13BBA0 /* RecordConstructor.cpp */,
				BD6CD94A656303C0DBD58533 /* RecordPrototype.h */,
				BD6CDFA5E2439D618B215875 /* RecordPrototype.cpp */,
				BD6CD31E1104537D977336AB /* RecordInstance.h */,
				BD6CD61D24C8ACB2511EABF7 /* RecordInstance.cpp */,
				BD6CD2DF60005B4DB952BDCC /* RecordField.h */,
				BD6CDCD27AA2798FEBA03178 /* RecordField.cpp */,
				BD6CD45A45169F678392AC7A /* RecordPrototypeFunctions.h */,
				BD6CD0F32F895B7E041BA41A /* RecordPrototypeFunctions.cpp */,
			);
			name = Record;
			sourceTree = "<group>";
		};
/* End PBXGroup section */

/* Begin PBXNativeTarget section */
		85B2A6B9197528FF00616E60 /* NativeScript */ = {
			isa = PBXNativeTarget;
			buildConfigurationList = 85B2A6DD1975290000616E60 /* Build configuration list for PBXNativeTarget "NativeScript" */;
			buildPhases = (
				CD8F933A1988D5720029415A /* Generate JavaScript Binary Headers */,
				85B2A6B6197528FF00616E60 /* Sources */,
				85B2A6B7197528FF00616E60 /* Frameworks */,
				85B2A6B8197528FF00616E60 /* CopyFiles */,
			);
			buildRules = (
			);
			dependencies = (
			);
			name = NativeScript;
			productName = NativeScript;
			productReference = 85B2A6BA197528FF00616E60 /* libNativeScript.a */;
			productType = "com.apple.product-type.library.static";
		};
		85B2A6C9197528FF00616E60 /* NativeScriptTests */ = {
			isa = PBXNativeTarget;
			buildConfigurationList = 85B2A6E01975290000616E60 /* Build configuration list for PBXNativeTarget "NativeScriptTests" */;
			buildPhases = (
				85B2A6C6197528FF00616E60 /* Sources */,
				85B2A6C7197528FF00616E60 /* Frameworks */,
				85B2A6C8197528FF00616E60 /* Resources */,
			);
			buildRules = (
			);
			dependencies = (
				85B2A6D11975290000616E60 /* PBXTargetDependency */,
			);
			name = NativeScriptTests;
			productName = NativeScriptTests;
			productReference = 85B2A6CA197528FF00616E60 /* NativeScriptTests.xctest */;
			productType = "com.apple.product-type.bundle.unit-test";
		};
/* End PBXNativeTarget section */

/* Begin PBXProject section */
		85B2A6B2197528FF00616E60 /* Project object */ = {
			isa = PBXProject;
			attributes = {
				LastUpgradeCheck = 0510;
				ORGANIZATIONNAME = Telerik;
			};
			buildConfigurationList = 85B2A6B5197528FF00616E60 /* Build configuration list for PBXProject "NativeScript" */;
			compatibilityVersion = "Xcode 3.2";
			developmentRegion = English;
			hasScannedForEncodings = 0;
			knownRegions = (
				en,
			);
			mainGroup = 85B2A6B1197528FF00616E60;
			productRefGroup = 85B2A6BB197528FF00616E60 /* Products */;
			projectDirPath = "";
			projectRoot = "";
			targets = (
				85B2A6B9197528FF00616E60 /* NativeScript */,
				85B2A6C9197528FF00616E60 /* NativeScriptTests */,
			);
		};
/* End PBXProject section */

/* Begin PBXResourcesBuildPhase section */
		85B2A6C8197528FF00616E60 /* Resources */ = {
			isa = PBXResourcesBuildPhase;
			buildActionMask = 2147483647;
			files = (
				85B2A6D81975290000616E60 /* InfoPlist.strings in Resources */,
			);
			runOnlyForDeploymentPostprocessing = 0;
		};
/* End PBXResourcesBuildPhase section */

/* Begin PBXShellScriptBuildPhase section */
		CD8F933A1988D5720029415A /* Generate JavaScript Binary Headers */ = {
			isa = PBXShellScriptBuildPhase;
			buildActionMask = 2147483647;
			files = (
			);
			inputPaths = (
				"$(SRCROOT)/NativeScript/require.js",
				"$(SRCROOT)/NativeScript/inlineFunctions.js",
				"$(SRCROOT)/NativeScript/__extends.js",
				"$(SRCROOT)/../../Binaries/MetadataBin/TNSTestCases/metadata.bin",
			);
			name = "Generate JavaScript Binary Headers";
			outputPaths = (
				"$(DERIVED_FILE_DIR)/require.h",
				"$(DERIVED_FILE_DIR)/inlineFunctions.h",
				"$(DERIVED_FILE_DIR)/__extends.h",
				"$(DERIVED_FILE_DIR)/metadataBin.h",
			);
			runOnlyForDeploymentPostprocessing = 0;
			shellPath = /bin/sh;
			shellScript = "cd \"${SRCROOT}\"/NativeScript\nxxd -i require.js > \"${DERIVED_FILE_DIR}\"/require.h\nxxd -i inlineFunctions.js > \"${DERIVED_FILE_DIR}\"/inlineFunctions.h\nxxd -i __extends.js > \"${DERIVED_FILE_DIR}\"/__extends.h\n\nif [[ \"${CONFIGURATION}\" == \"Test\" ]]\nthen\n    cd \"${SRCROOT}\"/../../Binaries/MetadataBin/TNSTestCases/\n    xxd -i metadata-arm64.bin > \"${DERIVED_FILE_DIR}\"/metadataArm64Bin.h\n    xxd -i metadata-armv7.bin > \"${DERIVED_FILE_DIR}\"/metadataArmv7Bin.h\nfi\n";
		};
/* End PBXShellScriptBuildPhase section */

/* Begin PBXSourcesBuildPhase section */
		85B2A6B6197528FF00616E60 /* Sources */ = {
			isa = PBXSourcesBuildPhase;
			buildActionMask = 2147483647;
			files = (
				C92121AC19A489F600994209 /* ReferenceTypeInstance.cpp in Sources */,
				85B2A71719752CAF00616E60 /* ObjCMethodCall.mm in Sources */,
				85B2A71819752CAF00616E60 /* ObjCMethodCallback.mm in Sources */,
				85ABE188198B9AD100EAC351 /* TNSRuntime.mm in Sources */,
				85B2A70019752AF300616E60 /* FFIFunctionCallback.cpp in Sources */,
				C921218319A225C200994209 /* ObjCConstructorNative.mm in Sources */,
				C921217A19A2238B00994209 /* MetaFile.mm in Sources */,
				85ABE17719864DCD00EAC351 /* SymbolLoader.mm in Sources */,
				85B2A70D19752BC800616E60 /* FFIPrimitiveTypes.cpp in Sources */,
				85B2A75C197807FF00616E60 /* ObjCWrapperObject.mm in Sources */,
				C99026311A07DCED00BD06D2 /* ReferenceTypeConstructor.cpp in Sources */,
				85F3B5E519DD6DA900A29DAC /* JSWeakRefPrototype.cpp in Sources */,
				C9DEA2081A16458900518F13 /* FunctionReferenceTypeConstructor.cpp in Sources */,
				85F3B5E819DD6DBA00A29DAC /* JSWeakRefInstance.cpp in Sources */,
				F968D69D199129E900749C5D /* ObjCSuperObject.mm in Sources */,
				85F3B5E219DD6D7000A29DAC /* JSWeakRefConstructor.cpp in Sources */,
				85B2A6FB19752A9400616E60 /* FFICall.cpp in Sources */,
				85ABE18E198BA63900EAC351 /* TNSRuntime+Inspector.mm in Sources */,
				85B2A71B19752CEA00616E60 /* GlobalObject.mm in Sources */,
				85B2A79019781C6500616E60 /* ObjCPrototype.mm in Sources */,
				85BD8CD219811B1500C96EB8 /* ObjCExtend.mm in Sources */,
				C921217919A2238B00994209 /* Metadata.mm in Sources */,
				85B2A74C197545A600616E60 /* ObjCTypes.mm in Sources */,
				CDC9F7381A9E18A300601997 /* TNSRuntime+Diagnostics.mm in Sources */,
				C921218119A225C200994209 /* ObjCConstructorBase.mm in Sources */,
				85B2A6FD19752A9400616E60 /* FFIFunctionCall.mm in Sources */,
				CD270B9219FA6D8B0094CD6F /* FFISimpleType.cpp in Sources */,
				C921218219A225C200994209 /* ObjCConstructorDerived.cpp in Sources */,
				85B2A71619752CAF00616E60 /* ObjCBlockType.mm in Sources */,
				85B2A75619756AE200616E60 /* TypeFactory.mm in Sources */,
				CD82A7D2199365BB001C18AA /* ReferenceInstance.cpp in Sources */,
				BD6CDB199CB50FD999E3EE34 /* ObjCProtocolWrapper.mm in Sources */,
				C9BB865019B4678F0070504D /* MetaFileReader.cpp in Sources */,
				BD6CDAB0E6FCBFF58D7BA815 /* PointerInstance.cpp in Sources */,
				BD6CD6482D8E462FFDD50833 /* Interop.mm in Sources */,
				BD6CD34D6A6FF197A321FDC3 /* ObjCTypeScriptExtend.mm in Sources */,
				BD6CD4E70E8006DD3976B1BB /* ObjCClassBuilder.mm in Sources */,
				BD6CD0AFC59F536EDF0998DA /* JSWarnings.cpp in Sources */,
				BD6CDAB529C68A41C08D1BBD /* RecordConstructor.cpp in Sources */,
				BD6CD97AB2D2403B4107EECD /* RecordPrototype.cpp in Sources */,
				BD6CD74DA871EC0E7E9F3F60 /* ObjCConstructorCall.mm in Sources */,
				BD6CD0FDDAFCB4B099A93F69 /* ObjCBlockCall.mm in Sources */,
				BD6CD17400A5F61C60AD0746 /* FFIType.cpp in Sources */,
				BD6CD69152E1E54BFEE838FA /* RecordInstance.cpp in Sources */,
				BD6CD62D6758F81DF022F068 /* RecordField.cpp in Sources */,
				BD6CDD38A5BC564CA0E79B47 /* RecordPrototypeFunctions.cpp in Sources */,
				BD6CDA8750C61AFF095D0F1F /* ObjCBlockCallback.cpp in Sources */,
				C97E4C0D1A1CB57800B9125C /* ObjCBlockTypeConstructor.cpp in Sources */,
				BD6CDCC32478A288D58CC9D7 /* FFINumericTypes.mm in Sources */,
				BD6CDF1BCF770FAC2F9E9580 /* ObjCPrimitiveTypes.mm in Sources */,
				BD6CDECC69A2B093E776F80C /* PointerPrototype.cpp in Sources */,
				BD6CD6F051E44631A7E59920 /* PointerConstructor.cpp in Sources */,
				BD6CD8E36E7969015A58DB4C /* ReferenceConstructor.cpp in Sources */,
				BD6CDEC476327CC23DE9CB4A /* ReferencePrototype.cpp in Sources */,
				BD6CD0239613619C915A956A /* FunctionReferenceTypeInstance.cpp in Sources */,
				BD6CD5A4090FF2CD08204121 /* FunctionReferenceInstance.cpp in Sources */,
				BD6CD2E6C6043094DDECF5C5 /* FunctionReferenceConstructor.cpp in Sources */,
			);
			runOnlyForDeploymentPostprocessing = 0;
		};
		85B2A6C6197528FF00616E60 /* Sources */ = {
			isa = PBXSourcesBuildPhase;
			buildActionMask = 2147483647;
			files = (
				C90090A919C8587A008C1794 /* MetadataTests.mm in Sources */,
			);
			runOnlyForDeploymentPostprocessing = 0;
		};
/* End PBXSourcesBuildPhase section */

/* Begin PBXTargetDependency section */
		85B2A6D11975290000616E60 /* PBXTargetDependency */ = {
			isa = PBXTargetDependency;
			target = 85B2A6B9197528FF00616E60 /* NativeScript */;
			targetProxy = 85B2A6D01975290000616E60 /* PBXContainerItemProxy */;
		};
/* End PBXTargetDependency section */

/* Begin PBXVariantGroup section */
		85B2A6D61975290000616E60 /* InfoPlist.strings */ = {
			isa = PBXVariantGroup;
			children = (
				85B2A6D71975290000616E60 /* en */,
			);
			name = InfoPlist.strings;
			sourceTree = "<group>";
		};
/* End PBXVariantGroup section */

/* Begin XCBuildConfiguration section */
		85B2A6DB1975290000616E60 /* Debug */ = {
			isa = XCBuildConfiguration;
			baseConfigurationReference = 85BD8CC2197FC29700C96EB8 /* FeatureDefines.xcconfig */;
			buildSettings = {
				ALWAYS_SEARCH_USER_PATHS = NO;
				CLANG_CXX_LANGUAGE_STANDARD = "gnu++0x";
				CLANG_CXX_LIBRARY = "libc++";
				CLANG_ENABLE_MODULES = YES;
				CLANG_ENABLE_OBJC_ARC = YES;
				CLANG_WARN_ASSIGN_ENUM = YES;
				CLANG_WARN_BOOL_CONVERSION = YES;
				CLANG_WARN_CONSTANT_CONVERSION = YES;
				CLANG_WARN_DEPRECATED_OBJC_IMPLEMENTATIONS = YES;
				CLANG_WARN_DIRECT_OBJC_ISA_USAGE = YES_ERROR;
				CLANG_WARN_EMPTY_BODY = YES;
				CLANG_WARN_ENUM_CONVERSION = YES;
				CLANG_WARN_INT_CONVERSION = YES;
				CLANG_WARN_OBJC_EXPLICIT_OWNERSHIP_TYPE = YES;
				CLANG_WARN_OBJC_IMPLICIT_ATOMIC_PROPERTIES = YES;
				CLANG_WARN_OBJC_IMPLICIT_RETAIN_SELF = YES;
				CLANG_WARN_OBJC_ROOT_CLASS = YES_ERROR;
				CLANG_WARN_UNREACHABLE_CODE = YES;
				CLANG_WARN__DUPLICATE_METHOD_MATCH = YES;
				COPY_PHASE_STRIP = NO;
				GCC_C_LANGUAGE_STANDARD = gnu99;
				GCC_DYNAMIC_NO_PIC = NO;
				GCC_OPTIMIZATION_LEVEL = 0;
				GCC_PREPROCESSOR_DEFINITIONS = (
					"DEBUG=1",
					"$(inherited)",
				);
				GCC_SYMBOLS_PRIVATE_EXTERN = NO;
				GCC_TREAT_INCOMPATIBLE_POINTER_TYPE_WARNINGS_AS_ERRORS = YES;
				GCC_TREAT_WARNINGS_AS_ERRORS = YES;
				GCC_WARN_64_TO_32_BIT_CONVERSION = YES;
				GCC_WARN_ABOUT_RETURN_TYPE = YES_ERROR;
				GCC_WARN_HIDDEN_VIRTUAL_FUNCTIONS = YES;
				GCC_WARN_INITIALIZER_NOT_FULLY_BRACKETED = YES;
				GCC_WARN_MULTIPLE_DEFINITION_TYPES_FOR_SELECTOR = YES;
				GCC_WARN_SIGN_COMPARE = YES;
				GCC_WARN_STRICT_SELECTOR_MATCH = YES;
				GCC_WARN_UNDECLARED_SELECTOR = YES;
				GCC_WARN_UNINITIALIZED_AUTOS = YES_AGGRESSIVE;
				GCC_WARN_UNKNOWN_PRAGMAS = YES;
				GCC_WARN_UNUSED_FUNCTION = YES;
				GCC_WARN_UNUSED_LABEL = YES;
				GCC_WARN_UNUSED_VARIABLE = YES;
				IPHONEOS_DEPLOYMENT_TARGET = 6.0;
				ONLY_ACTIVE_ARCH = YES;
				RUN_CLANG_STATIC_ANALYZER = YES;
				SDKROOT = iphoneos;
				VALID_ARCHS = "arm64 armv7";
			};
			name = Debug;
		};
		85B2A6DC1975290000616E60 /* Release */ = {
			isa = XCBuildConfiguration;
			baseConfigurationReference = 85BD8CC2197FC29700C96EB8 /* FeatureDefines.xcconfig */;
			buildSettings = {
				ALWAYS_SEARCH_USER_PATHS = NO;
				CLANG_CXX_LANGUAGE_STANDARD = "gnu++0x";
				CLANG_CXX_LIBRARY = "libc++";
				CLANG_ENABLE_MODULES = YES;
				CLANG_ENABLE_OBJC_ARC = YES;
				CLANG_WARN_ASSIGN_ENUM = YES;
				CLANG_WARN_BOOL_CONVERSION = YES;
				CLANG_WARN_CONSTANT_CONVERSION = YES;
				CLANG_WARN_DEPRECATED_OBJC_IMPLEMENTATIONS = YES;
				CLANG_WARN_DIRECT_OBJC_ISA_USAGE = YES_ERROR;
				CLANG_WARN_EMPTY_BODY = YES;
				CLANG_WARN_ENUM_CONVERSION = YES;
				CLANG_WARN_INT_CONVERSION = YES;
				CLANG_WARN_OBJC_EXPLICIT_OWNERSHIP_TYPE = YES;
				CLANG_WARN_OBJC_IMPLICIT_ATOMIC_PROPERTIES = YES;
				CLANG_WARN_OBJC_IMPLICIT_RETAIN_SELF = YES;
				CLANG_WARN_OBJC_ROOT_CLASS = YES_ERROR;
				CLANG_WARN_UNREACHABLE_CODE = YES;
				CLANG_WARN__DUPLICATE_METHOD_MATCH = YES;
				COPY_PHASE_STRIP = YES;
				ENABLE_NS_ASSERTIONS = NO;
				GCC_C_LANGUAGE_STANDARD = gnu99;
				GCC_TREAT_INCOMPATIBLE_POINTER_TYPE_WARNINGS_AS_ERRORS = YES;
				GCC_TREAT_WARNINGS_AS_ERRORS = YES;
				GCC_WARN_64_TO_32_BIT_CONVERSION = YES;
				GCC_WARN_ABOUT_RETURN_TYPE = YES_ERROR;
				GCC_WARN_HIDDEN_VIRTUAL_FUNCTIONS = YES;
				GCC_WARN_INITIALIZER_NOT_FULLY_BRACKETED = YES;
				GCC_WARN_MULTIPLE_DEFINITION_TYPES_FOR_SELECTOR = YES;
				GCC_WARN_SIGN_COMPARE = YES;
				GCC_WARN_STRICT_SELECTOR_MATCH = YES;
				GCC_WARN_UNDECLARED_SELECTOR = YES;
				GCC_WARN_UNINITIALIZED_AUTOS = YES_AGGRESSIVE;
				GCC_WARN_UNKNOWN_PRAGMAS = YES;
				GCC_WARN_UNUSED_FUNCTION = YES;
				GCC_WARN_UNUSED_LABEL = YES;
				GCC_WARN_UNUSED_VARIABLE = YES;
				IPHONEOS_DEPLOYMENT_TARGET = 6.0;
				RUN_CLANG_STATIC_ANALYZER = YES;
				SDKROOT = iphoneos;
				VALIDATE_PRODUCT = YES;
				VALID_ARCHS = "arm64 armv7";
			};
			name = Release;
		};
		85B2A6DE1975290000616E60 /* Debug */ = {
			isa = XCBuildConfiguration;
			buildSettings = {
				ARCHS = "$(ARCHS_STANDARD)";
				CLANG_ENABLE_OBJC_ARC = NO;
				DSTROOT = /tmp/NativeScript.dst;
				GCC_ENABLE_CPP_EXCEPTIONS = NO;
				GCC_ENABLE_CPP_RTTI = NO;
				GCC_PRECOMPILE_PREFIX_HEADER = YES;
				GCC_PREFIX_HEADER = "NativeScript/NativeScript-Prefix.pch";
				GCC_PREPROCESSOR_DEFINITIONS = (
					STATICALLY_LINKED_WITH_JavaScriptCore,
					STATICALLY_LINKED_WITH_WTF,
					"ENABLE_REMOTE_INSPECTOR=0",
					"ENABLE_YARR_JIT=0",
					"ENABLE_INSPECTOR=1",
					"ENABLE_LLINT_C_LOOP=0",
					"$(FEATURE_DEFINES)",
					"$(GCC_PREPROCESSOR_DEFINITIONS)",
					"JSC_OBJC_API_ENABLED=0",
					HAVE_HEADER_DETECTION_H,
					"DEBUG=1",
					NDEBUG,
				);
				GCC_WARN_64_TO_32_BIT_CONVERSION = "$(GCC_WARN_64_TO_32_BIT_CONVERSION_$(CURRENT_ARCH))";
				"GCC_WARN_64_TO_32_BIT_CONVERSION[arch=*64]" = "$(GCC_WARN_64_TO_32_BIT_CONVERSION_$(CURRENT_ARCH))";
				HEADER_SEARCH_PATHS = (
					"$(inherited)",
					"\"$(PROJECT_DIR)/deps/include\"",
					"\"$(PROJECT_DIR)/../../dist/jsc/include\"",
				);
				IPHONEOS_DEPLOYMENT_TARGET = 6.0;
				LIBRARY_SEARCH_PATHS = (
					"$(inherited)",
					"$(PROJECT_DIR)/deps/lib",
					"\"$(PROJECT_DIR)/../../dist/jsc/lib\"",
				);
				OTHER_LDFLAGS = "-ObjC";
				PRODUCT_NAME = "$(TARGET_NAME)";
				SKIP_INSTALL = YES;
				USER_HEADER_SEARCH_PATHS = "\"$(DERIVED_FILE_DIR)\"";
			};
			name = Debug;
		};
		85B2A6DF1975290000616E60 /* Release */ = {
			isa = XCBuildConfiguration;
			buildSettings = {
				ARCHS = "$(ARCHS_STANDARD)";
				CLANG_ENABLE_OBJC_ARC = NO;
				DSTROOT = /tmp/NativeScript.dst;
				GCC_ENABLE_CPP_EXCEPTIONS = NO;
				GCC_ENABLE_CPP_RTTI = NO;
				GCC_PRECOMPILE_PREFIX_HEADER = YES;
				GCC_PREFIX_HEADER = "NativeScript/NativeScript-Prefix.pch";
				GCC_PREPROCESSOR_DEFINITIONS = (
					STATICALLY_LINKED_WITH_JavaScriptCore,
					STATICALLY_LINKED_WITH_WTF,
					"ENABLE_REMOTE_INSPECTOR=0",
					"ENABLE_YARR_JIT=0",
					"ENABLE_INSPECTOR=1",
					"ENABLE_LLINT_C_LOOP=0",
					"$(FEATURE_DEFINES)",
					"$(GCC_PREPROCESSOR_DEFINITIONS)",
					"JSC_OBJC_API_ENABLED=0",
					HAVE_HEADER_DETECTION_H,
					NDEBUG,
				);
				GCC_WARN_64_TO_32_BIT_CONVERSION = "$(GCC_WARN_64_TO_32_BIT_CONVERSION_$(CURRENT_ARCH))";
				"GCC_WARN_64_TO_32_BIT_CONVERSION[arch=*64]" = "$(GCC_WARN_64_TO_32_BIT_CONVERSION_$(CURRENT_ARCH))";
				HEADER_SEARCH_PATHS = (
					"$(inherited)",
					"\"$(PROJECT_DIR)/deps/include\"",
					"\"$(PROJECT_DIR)/../../dist/jsc/include\"",
				);
				IPHONEOS_DEPLOYMENT_TARGET = 6.0;
				LIBRARY_SEARCH_PATHS = (
					"$(inherited)",
					"$(PROJECT_DIR)/deps/lib",
					"\"$(PROJECT_DIR)/../../dist/jsc/lib\"",
				);
				OTHER_LDFLAGS = "-ObjC";
				PRODUCT_NAME = "$(TARGET_NAME)";
				SKIP_INSTALL = YES;
				USER_HEADER_SEARCH_PATHS = "\"$(DERIVED_FILE_DIR)\"";
			};
			name = Release;
		};
		85B2A6E11975290000616E60 /* Debug */ = {
			isa = XCBuildConfiguration;
			buildSettings = {
				ARCHS = "$(ARCHS_STANDARD)";
				CLANG_ENABLE_OBJC_ARC = NO;
				FRAMEWORK_SEARCH_PATHS = (
					"$(SDKROOT)/Developer/Library/Frameworks",
					"$(inherited)",
					"$(DEVELOPER_FRAMEWORKS_DIR)",
				);
				GCC_ENABLE_CPP_EXCEPTIONS = NO;
				GCC_ENABLE_CPP_RTTI = NO;
				GCC_PRECOMPILE_PREFIX_HEADER = YES;
				GCC_PREFIX_HEADER = "NativeScript/NativeScript-Prefix.pch";
				GCC_PREPROCESSOR_DEFINITIONS = (
					STATICALLY_LINKED_WITH_JavaScriptCore,
					STATICALLY_LINKED_WITH_WTF,
					"ENABLE_REMOTE_INSPECTOR=0",
					"ENABLE_YARR_JIT=0",
					"ENABLE_INSPECTOR=1",
					"ENABLE_LLINT_C_LOOP=1",
					"$(FEATURE_DEFINES)",
					"$(GCC_PREPROCESSOR_DEFINITIONS)",
					"JSC_OBJC_API_ENABLED=0",
					HAVE_HEADER_DETECTION_H,
					"DEBUG=1",
					NDEBUG,
				);
				GCC_WARN_64_TO_32_BIT_CONVERSION = "$(GCC_WARN_64_TO_32_BIT_CONVERSION_$(CURRENT_ARCH))";
				"GCC_WARN_64_TO_32_BIT_CONVERSION[arch=*64]" = "$(GCC_WARN_64_TO_32_BIT_CONVERSION_$(CURRENT_ARCH))";
				HEADER_SEARCH_PATHS = (
					"$(inherited)",
					"\"$(PROJECT_DIR)/deps/include\"",
					/Applications/Xcode6.0.app/Contents/Developer/Toolchains/XcodeDefault.xctoolchain/usr/include,
				);
				INFOPLIST_FILE = "NativeScriptTests/NativeScriptTests-Info.plist";
				LIBRARY_SEARCH_PATHS = (
					"$(inherited)",
					"$(PROJECT_DIR)/deps/lib",
				);
				OTHER_LDFLAGS = (
					"$(inherited)",
					"-framework",
					XCTest,
					"-ObjC",
				);
				PRODUCT_NAME = "$(TARGET_NAME)";
				USER_HEADER_SEARCH_PATHS = "\"$(DERIVED_FILE_DIR)\"";
				WRAPPER_EXTENSION = xctest;
			};
			name = Debug;
		};
		85B2A6E21975290000616E60 /* Release */ = {
			isa = XCBuildConfiguration;
			buildSettings = {
				ARCHS = "$(ARCHS_STANDARD)";
				CLANG_ENABLE_OBJC_ARC = NO;
				FRAMEWORK_SEARCH_PATHS = (
					"$(SDKROOT)/Developer/Library/Frameworks",
					"$(inherited)",
					"$(DEVELOPER_FRAMEWORKS_DIR)",
				);
				GCC_ENABLE_CPP_EXCEPTIONS = NO;
				GCC_ENABLE_CPP_RTTI = NO;
				GCC_PRECOMPILE_PREFIX_HEADER = YES;
				GCC_PREFIX_HEADER = "NativeScript/NativeScript-Prefix.pch";
				GCC_PREPROCESSOR_DEFINITIONS = (
					STATICALLY_LINKED_WITH_JavaScriptCore,
					STATICALLY_LINKED_WITH_WTF,
					"ENABLE_REMOTE_INSPECTOR=0",
					"ENABLE_YARR_JIT=0",
					"ENABLE_INSPECTOR=1",
					"ENABLE_LLINT_C_LOOP=1",
					"$(FEATURE_DEFINES)",
					"$(GCC_PREPROCESSOR_DEFINITIONS)",
					"JSC_OBJC_API_ENABLED=0",
					HAVE_HEADER_DETECTION_H,
				);
				GCC_WARN_64_TO_32_BIT_CONVERSION = "$(GCC_WARN_64_TO_32_BIT_CONVERSION_$(CURRENT_ARCH))";
				"GCC_WARN_64_TO_32_BIT_CONVERSION[arch=*64]" = "$(GCC_WARN_64_TO_32_BIT_CONVERSION_$(CURRENT_ARCH))";
				HEADER_SEARCH_PATHS = (
					"$(inherited)",
					"\"$(PROJECT_DIR)/deps/include\"",
					/Applications/Xcode6.0.app/Contents/Developer/Toolchains/XcodeDefault.xctoolchain/usr/include,
				);
				INFOPLIST_FILE = "NativeScriptTests/NativeScriptTests-Info.plist";
				LIBRARY_SEARCH_PATHS = (
					"$(inherited)",
					"$(PROJECT_DIR)/deps/lib",
				);
				OTHER_LDFLAGS = (
					"$(inherited)",
					"-framework",
					XCTest,
					"-ObjC",
				);
				PRODUCT_NAME = "$(TARGET_NAME)";
				USER_HEADER_SEARCH_PATHS = "\"$(DERIVED_FILE_DIR)\"";
				WRAPPER_EXTENSION = xctest;
			};
			name = Release;
		};
		C90090A219C82AF3008C1794 /* Test */ = {
			isa = XCBuildConfiguration;
			baseConfigurationReference = 85BD8CC2197FC29700C96EB8 /* FeatureDefines.xcconfig */;
			buildSettings = {
				ALWAYS_SEARCH_USER_PATHS = NO;
				CLANG_CXX_LANGUAGE_STANDARD = "gnu++0x";
				CLANG_CXX_LIBRARY = "libc++";
				CLANG_ENABLE_MODULES = YES;
				CLANG_ENABLE_OBJC_ARC = YES;
				CLANG_WARN_ASSIGN_ENUM = YES;
				CLANG_WARN_BOOL_CONVERSION = YES;
				CLANG_WARN_CONSTANT_CONVERSION = YES;
				CLANG_WARN_DEPRECATED_OBJC_IMPLEMENTATIONS = YES;
				CLANG_WARN_DIRECT_OBJC_ISA_USAGE = YES_ERROR;
				CLANG_WARN_EMPTY_BODY = YES;
				CLANG_WARN_ENUM_CONVERSION = YES;
				CLANG_WARN_INT_CONVERSION = YES;
				CLANG_WARN_OBJC_EXPLICIT_OWNERSHIP_TYPE = YES;
				CLANG_WARN_OBJC_IMPLICIT_ATOMIC_PROPERTIES = YES;
				CLANG_WARN_OBJC_IMPLICIT_RETAIN_SELF = YES;
				CLANG_WARN_OBJC_ROOT_CLASS = YES_ERROR;
				CLANG_WARN_UNREACHABLE_CODE = YES;
				CLANG_WARN__DUPLICATE_METHOD_MATCH = YES;
				COPY_PHASE_STRIP = NO;
				GCC_C_LANGUAGE_STANDARD = gnu99;
				GCC_DYNAMIC_NO_PIC = NO;
				GCC_OPTIMIZATION_LEVEL = 0;
				GCC_PREPROCESSOR_DEFINITIONS = (
					"DEBUG=1",
					"$(inherited)",
				);
				GCC_SYMBOLS_PRIVATE_EXTERN = NO;
				GCC_TREAT_INCOMPATIBLE_POINTER_TYPE_WARNINGS_AS_ERRORS = YES;
				GCC_TREAT_WARNINGS_AS_ERRORS = YES;
				GCC_WARN_64_TO_32_BIT_CONVERSION = YES;
				GCC_WARN_ABOUT_RETURN_TYPE = YES_ERROR;
				GCC_WARN_HIDDEN_VIRTUAL_FUNCTIONS = YES;
				GCC_WARN_INITIALIZER_NOT_FULLY_BRACKETED = YES;
				GCC_WARN_MULTIPLE_DEFINITION_TYPES_FOR_SELECTOR = YES;
				GCC_WARN_SIGN_COMPARE = YES;
				GCC_WARN_STRICT_SELECTOR_MATCH = YES;
				GCC_WARN_UNDECLARED_SELECTOR = YES;
				GCC_WARN_UNINITIALIZED_AUTOS = YES_AGGRESSIVE;
				GCC_WARN_UNKNOWN_PRAGMAS = YES;
				GCC_WARN_UNUSED_FUNCTION = YES;
				GCC_WARN_UNUSED_LABEL = YES;
				GCC_WARN_UNUSED_VARIABLE = YES;
				IPHONEOS_DEPLOYMENT_TARGET = 6.0;
				ONLY_ACTIVE_ARCH = YES;
				RUN_CLANG_STATIC_ANALYZER = YES;
				SDKROOT = iphoneos;
				VALID_ARCHS = "arm64 armv7";
			};
			name = Test;
		};
		C90090A319C82AF3008C1794 /* Test */ = {
			isa = XCBuildConfiguration;
			buildSettings = {
				ARCHS = "$(ARCHS_STANDARD)";
				CLANG_ENABLE_OBJC_ARC = NO;
				DSTROOT = /tmp/NativeScript.dst;
				GCC_ENABLE_CPP_EXCEPTIONS = NO;
				GCC_ENABLE_CPP_RTTI = NO;
				GCC_PRECOMPILE_PREFIX_HEADER = YES;
				GCC_PREFIX_HEADER = "NativeScript/NativeScript-Prefix.pch";
				GCC_PREPROCESSOR_DEFINITIONS = (
					STATICALLY_LINKED_WITH_JavaScriptCore,
					STATICALLY_LINKED_WITH_WTF,
					"ENABLE_REMOTE_INSPECTOR=0",
					"ENABLE_YARR_JIT=0",
					"ENABLE_INSPECTOR=1",
					"ENABLE_LLINT_C_LOOP=0",
					"$(FEATURE_DEFINES)",
					"$(GCC_PREPROCESSOR_DEFINITIONS)",
					"JSC_OBJC_API_ENABLED=0",
					HAVE_HEADER_DETECTION_H,
					"DEBUG=1",
					NDEBUG,
					TESTING,
				);
				GCC_WARN_64_TO_32_BIT_CONVERSION = "$(GCC_WARN_64_TO_32_BIT_CONVERSION_$(CURRENT_ARCH))";
				"GCC_WARN_64_TO_32_BIT_CONVERSION[arch=*64]" = "$(GCC_WARN_64_TO_32_BIT_CONVERSION_$(CURRENT_ARCH))";
				HEADER_SEARCH_PATHS = (
					"$(inherited)",
					"\"$(PROJECT_DIR)/deps/include\"",
					"\"$(PROJECT_DIR)/../../dist/jsc/include\"",
				);
				IPHONEOS_DEPLOYMENT_TARGET = 6.0;
				LIBRARY_SEARCH_PATHS = (
					"$(inherited)",
					"$(PROJECT_DIR)/deps/lib",
					"\"$(PROJECT_DIR)/../../dist/jsc/lib\"",
				);
				OTHER_LDFLAGS = "-ObjC";
				PRODUCT_NAME = "$(TARGET_NAME)";
				SKIP_INSTALL = YES;
				USER_HEADER_SEARCH_PATHS = "\"$(DERIVED_FILE_DIR)\"";
			};
			name = Test;
		};
		C90090A419C82AF3008C1794 /* Test */ = {
			isa = XCBuildConfiguration;
			buildSettings = {
				ARCHS = "$(ARCHS_STANDARD)";
				CLANG_ENABLE_OBJC_ARC = NO;
				FRAMEWORK_SEARCH_PATHS = (
					"$(SDKROOT)/Developer/Library/Frameworks",
					"$(inherited)",
					"$(DEVELOPER_FRAMEWORKS_DIR)",
				);
				GCC_ENABLE_CPP_EXCEPTIONS = NO;
				GCC_ENABLE_CPP_RTTI = NO;
				GCC_PRECOMPILE_PREFIX_HEADER = YES;
				GCC_PREFIX_HEADER = "NativeScript/NativeScript-Prefix.pch";
				GCC_PREPROCESSOR_DEFINITIONS = (
					STATICALLY_LINKED_WITH_JavaScriptCore,
					STATICALLY_LINKED_WITH_WTF,
					"ENABLE_REMOTE_INSPECTOR=0",
					"ENABLE_YARR_JIT=0",
					"ENABLE_INSPECTOR=1",
					"ENABLE_LLINT_C_LOOP=1",
					"$(FEATURE_DEFINES)",
					"$(GCC_PREPROCESSOR_DEFINITIONS)",
					"JSC_OBJC_API_ENABLED=0",
					HAVE_HEADER_DETECTION_H,
					"DEBUG=1",
					NDEBUG,
				);
				GCC_WARN_64_TO_32_BIT_CONVERSION = "$(GCC_WARN_64_TO_32_BIT_CONVERSION_$(CURRENT_ARCH))";
				"GCC_WARN_64_TO_32_BIT_CONVERSION[arch=*64]" = "$(GCC_WARN_64_TO_32_BIT_CONVERSION_$(CURRENT_ARCH))";
				HEADER_SEARCH_PATHS = (
					"$(inherited)",
					"\"$(PROJECT_DIR)/deps/include\"",
					/Applications/Xcode6.0.app/Contents/Developer/Toolchains/XcodeDefault.xctoolchain/usr/include,
				);
				INFOPLIST_FILE = "NativeScriptTests/NativeScriptTests-Info.plist";
				LIBRARY_SEARCH_PATHS = (
					"$(inherited)",
					"$(PROJECT_DIR)/deps/lib",
				);
				OTHER_LDFLAGS = (
					"$(inherited)",
					"-framework",
					XCTest,
					"-ObjC",
				);
				PRODUCT_NAME = "$(TARGET_NAME)";
				USER_HEADER_SEARCH_PATHS = "\"$(DERIVED_FILE_DIR)\"";
				WRAPPER_EXTENSION = xctest;
			};
			name = Test;
		};
/* End XCBuildConfiguration section */

/* Begin XCConfigurationList section */
		85B2A6B5197528FF00616E60 /* Build configuration list for PBXProject "NativeScript" */ = {
			isa = XCConfigurationList;
			buildConfigurations = (
				85B2A6DB1975290000616E60 /* Debug */,
				C90090A219C82AF3008C1794 /* Test */,
				85B2A6DC1975290000616E60 /* Release */,
			);
			defaultConfigurationIsVisible = 0;
			defaultConfigurationName = Release;
		};
		85B2A6DD1975290000616E60 /* Build configuration list for PBXNativeTarget "NativeScript" */ = {
			isa = XCConfigurationList;
			buildConfigurations = (
				85B2A6DE1975290000616E60 /* Debug */,
				C90090A319C82AF3008C1794 /* Test */,
				85B2A6DF1975290000616E60 /* Release */,
			);
			defaultConfigurationIsVisible = 0;
			defaultConfigurationName = Release;
		};
		85B2A6E01975290000616E60 /* Build configuration list for PBXNativeTarget "NativeScriptTests" */ = {
			isa = XCConfigurationList;
			buildConfigurations = (
				85B2A6E11975290000616E60 /* Debug */,
				C90090A419C82AF3008C1794 /* Test */,
				85B2A6E21975290000616E60 /* Release */,
			);
			defaultConfigurationIsVisible = 0;
			defaultConfigurationName = Release;
		};
/* End XCConfigurationList section */
	};
	rootObject = 85B2A6B2197528FF00616E60 /* Project object */;
}
