// !$*UTF8*$!
{
	archiveVersion = 1;
	classes = {
	};
	objectVersion = 46;
	objects = {

/* Begin PBXBuildFile section */
		5131D75A1B44217D000E1DA4 /* osx-debugger.icns in Resources */ = {isa = PBXBuildFile; fileRef = 5131D7591B44217D000E1DA4 /* osx-debugger.icns */; };
		5131D75B1B44217D000E1DA4 /* osx-debugger.icns in Resources */ = {isa = PBXBuildFile; fileRef = 5131D7591B44217D000E1DA4 /* osx-debugger.icns */; };
		5131F0E41B73AC070056C64D /* JavaScriptCore.framework in Embed Frameworks (6 items) (4 items) */ = {isa = PBXBuildFile; fileRef = 5131F0DE1B73AC070056C64D /* JavaScriptCore.framework */; settings = {ATTRIBUTES = (CodeSignOnCopy, RemoveHeadersOnCopy, ); }; };
		5131F0E51B73AC070056C64D /* WebCore.framework in Embed Frameworks (6 items) (4 items) */ = {isa = PBXBuildFile; fileRef = 5131F0DF1B73AC070056C64D /* WebCore.framework */; settings = {ATTRIBUTES = (CodeSignOnCopy, RemoveHeadersOnCopy, ); }; };
		5131F0E61B73AC070056C64D /* WebInspectorUI.framework in Embed Frameworks (6 items) (4 items) */ = {isa = PBXBuildFile; fileRef = 5131F0E01B73AC070056C64D /* WebInspectorUI.framework */; settings = {ATTRIBUTES = (CodeSignOnCopy, RemoveHeadersOnCopy, ); }; };
		5131F0E71B73AC070056C64D /* WebKit.framework in Embed Frameworks (6 items) (4 items) */ = {isa = PBXBuildFile; fileRef = 5131F0E11B73AC070056C64D /* WebKit.framework */; settings = {ATTRIBUTES = (CodeSignOnCopy, RemoveHeadersOnCopy, ); }; };
		5131F0E81B73AC070056C64D /* WebKit2.framework in Embed Frameworks (6 items) (4 items) */ = {isa = PBXBuildFile; fileRef = 5131F0E21B73AC070056C64D /* WebKit2.framework */; settings = {ATTRIBUTES = (CodeSignOnCopy, RemoveHeadersOnCopy, ); }; };
		5131F0E91B73AC070056C64D /* WebKitLegacy.framework in Embed Frameworks (6 items) (4 items) */ = {isa = PBXBuildFile; fileRef = 5131F0E31B73AC070056C64D /* WebKitLegacy.framework */; settings = {ATTRIBUTES = (CodeSignOnCopy, RemoveHeadersOnCopy, ); }; };
		5131F0EA1B73AC210056C64D /* WebKit.framework in Frameworks */ = {isa = PBXBuildFile; fileRef = 5131F0E11B73AC070056C64D /* WebKit.framework */; };
		5131F0ED1B73B8C10056C64D /* InspectorFrontendHost.h in Sources */ = {isa = PBXBuildFile; fileRef = 5131F0EC1B73B8C10056C64D /* InspectorFrontendHost.h */; };
		5131F0EF1B73B94E0056C64D /* InspectorFrontendHost.m in Sources */ = {isa = PBXBuildFile; fileRef = 5131F0EE1B73B94E0056C64D /* InspectorFrontendHost.m */; };
		513F3D881B7E28E10010A515 /* Communication.m in Sources */ = {isa = PBXBuildFile; fileRef = 513F3D861B7E28E10010A515 /* Communication.m */; };
		517E90E01B454B1600150FF6 /* NativeScript Inspector.app in Copy Files (1 item) */ = {isa = PBXBuildFile; fileRef = 51E6FCB71B42E25500FF4242 /* NativeScript Inspector.app */; settings = {ATTRIBUTES = (RemoveHeadersOnCopy, ); }; };
		517E90F01B454D1500150FF6 /* AppDelegate.m in Sources */ = {isa = PBXBuildFile; fileRef = 517E90E71B454D1500150FF6 /* AppDelegate.m */; };
		517E90F11B454D1500150FF6 /* Assets.xcassets in Resources */ = {isa = PBXBuildFile; fileRef = 517E90E81B454D1500150FF6 /* Assets.xcassets */; };
		517E90F21B454D1500150FF6 /* Main.storyboard in Resources */ = {isa = PBXBuildFile; fileRef = 517E90E91B454D1500150FF6 /* Main.storyboard */; };
		517E90F31B454D1500150FF6 /* Images.xcassets in Resources */ = {isa = PBXBuildFile; fileRef = 517E90EB1B454D1500150FF6 /* Images.xcassets */; };
		517E90F41B454D1500150FF6 /* Info.plist in Resources */ = {isa = PBXBuildFile; fileRef = 517E90EC1B454D1500150FF6 /* Info.plist */; };
		517E90F51B454D1500150FF6 /* main.m in Sources */ = {isa = PBXBuildFile; fileRef = 517E90ED1B454D1500150FF6 /* main.m */; };
		517E90F61B454D1500150FF6 /* ViewController.m in Sources */ = {isa = PBXBuildFile; fileRef = 517E90EF1B454D1500150FF6 /* ViewController.m */; };
		51F641931B2EFE080012D3BC /* main.m in Sources */ = {isa = PBXBuildFile; fileRef = 51F641921B2EFE080012D3BC /* main.m */; };
		51F641981B2EFE080012D3BC /* Images.xcassets in Resources */ = {isa = PBXBuildFile; fileRef = 51F641971B2EFE080012D3BC /* Images.xcassets */; };
/* End PBXBuildFile section */

/* Begin PBXContainerItemProxy section */
		517E90DE1B45490F00150FF6 /* PBXContainerItemProxy */ = {
			isa = PBXContainerItemProxy;
			containerPortal = 51F641821B2EFE080012D3BC /* Project object */;
			proxyType = 1;
			remoteGlobalIDString = 51E6FCB61B42E25500FF4242;
			remoteInfo = "NativeScript Inspector Application";
		};
/* End PBXContainerItemProxy section */

/* Begin PBXCopyFilesBuildPhase section */
		51F641B91B2F19360012D3BC /* Embed Frameworks (6 items) (4 items) */ = {
			isa = PBXCopyFilesBuildPhase;
			buildActionMask = 2147483647;
			dstPath = "";
			dstSubfolderSpec = 10;
			files = (
				5131F0E41B73AC070056C64D /* JavaScriptCore.framework in Embed Frameworks (6 items) (4 items) */,
				5131F0E51B73AC070056C64D /* WebCore.framework in Embed Frameworks (6 items) (4 items) */,
				5131F0E61B73AC070056C64D /* WebInspectorUI.framework in Embed Frameworks (6 items) (4 items) */,
				5131F0E71B73AC070056C64D /* WebKit.framework in Embed Frameworks (6 items) (4 items) */,
				5131F0E81B73AC070056C64D /* WebKit2.framework in Embed Frameworks (6 items) (4 items) */,
				5131F0E91B73AC070056C64D /* WebKitLegacy.framework in Embed Frameworks (6 items) (4 items) */,
			);
			name = "Embed Frameworks (6 items) (4 items)";
			runOnlyForDeploymentPostprocessing = 0;
		};
		51F642661B30590A0012D3BC /* Copy Files (1 item) */ = {
			isa = PBXCopyFilesBuildPhase;
			buildActionMask = 2147483647;
			dstPath = "";
			dstSubfolderSpec = 6;
			files = (
				517E90E01B454B1600150FF6 /* NativeScript Inspector.app in Copy Files (1 item) */,
			);
			name = "Copy Files (1 item)";
			runOnlyForDeploymentPostprocessing = 0;
		};
/* End PBXCopyFilesBuildPhase section */

/* Begin PBXFileReference section */
		51080F1E1B7DCA2D0004DE6E /* Communication.h */ = {isa = PBXFileReference; lastKnownFileType = sourcecode.c.h; path = Communication.h; sourceTree = "<group>"; };
		5131D7591B44217D000E1DA4 /* osx-debugger.icns */ = {isa = PBXFileReference; lastKnownFileType = image.icns; path = "osx-debugger.icns"; sourceTree = "<group>"; };
		5131F0DE1B73AC070056C64D /* JavaScriptCore.framework */ = {isa = PBXFileReference; lastKnownFileType = wrapper.framework; name = JavaScriptCore.framework; path = Frameworks/JavaScriptCore.framework; sourceTree = "<group>"; };
		5131F0DF1B73AC070056C64D /* WebCore.framework */ = {isa = PBXFileReference; lastKnownFileType = wrapper.framework; name = WebCore.framework; path = Frameworks/WebCore.framework; sourceTree = "<group>"; };
		5131F0E01B73AC070056C64D /* WebInspectorUI.framework */ = {isa = PBXFileReference; lastKnownFileType = wrapper.framework; name = WebInspectorUI.framework; path = Frameworks/WebInspectorUI.framework; sourceTree = "<group>"; };
		5131F0E11B73AC070056C64D /* WebKit.framework */ = {isa = PBXFileReference; lastKnownFileType = wrapper.framework; name = WebKit.framework; path = Frameworks/WebKit.framework; sourceTree = "<group>"; };
		5131F0E21B73AC070056C64D /* WebKit2.framework */ = {isa = PBXFileReference; lastKnownFileType = wrapper.framework; name = WebKit2.framework; path = Frameworks/WebKit2.framework; sourceTree = "<group>"; };
		5131F0E31B73AC070056C64D /* WebKitLegacy.framework */ = {isa = PBXFileReference; lastKnownFileType = wrapper.framework; name = WebKitLegacy.framework; path = Frameworks/WebKitLegacy.framework; sourceTree = "<group>"; };
		5131F0EB1B73B8580056C64D /* InspectorFrontendHostProtocol.h */ = {isa = PBXFileReference; fileEncoding = 4; lastKnownFileType = sourcecode.c.h; path = InspectorFrontendHostProtocol.h; sourceTree = "<group>"; };
		5131F0EC1B73B8C10056C64D /* InspectorFrontendHost.h */ = {isa = PBXFileReference; fileEncoding = 4; lastKnownFileType = sourcecode.c.h; path = InspectorFrontendHost.h; sourceTree = "<group>"; };
		5131F0EE1B73B94E0056C64D /* InspectorFrontendHost.m */ = {isa = PBXFileReference; explicitFileType = sourcecode.c.objc; fileEncoding = 4; path = InspectorFrontendHost.m; sourceTree = "<group>"; };
		513F3D861B7E28E10010A515 /* Communication.m */ = {isa = PBXFileReference; fileEncoding = 4; lastKnownFileType = sourcecode.c.objc; path = Communication.m; sourceTree = "<group>"; };
		517E90E61B454D1500150FF6 /* AppDelegate.h */ = {isa = PBXFileReference; fileEncoding = 4; lastKnownFileType = sourcecode.c.h; path = AppDelegate.h; sourceTree = "<group>"; };
		517E90E71B454D1500150FF6 /* AppDelegate.m */ = {isa = PBXFileReference; fileEncoding = 4; lastKnownFileType = sourcecode.c.objc; path = AppDelegate.m; sourceTree = "<group>"; };
		517E90E81B454D1500150FF6 /* Assets.xcassets */ = {isa = PBXFileReference; lastKnownFileType = folder.assetcatalog; path = Assets.xcassets; sourceTree = "<group>"; };
		517E90EA1B454D1500150FF6 /* Base */ = {isa = PBXFileReference; lastKnownFileType = file.storyboard; name = Base; path = Base.lproj/Main.storyboard; sourceTree = "<group>"; };
		517E90EB1B454D1500150FF6 /* Images.xcassets */ = {isa = PBXFileReference; lastKnownFileType = folder.assetcatalog; path = Images.xcassets; sourceTree = "<group>"; };
		517E90EC1B454D1500150FF6 /* Info.plist */ = {isa = PBXFileReference; fileEncoding = 4; lastKnownFileType = text.plist.xml; path = Info.plist; sourceTree = "<group>"; };
		517E90ED1B454D1500150FF6 /* main.m */ = {isa = PBXFileReference; fileEncoding = 4; lastKnownFileType = sourcecode.c.objc; path = main.m; sourceTree = "<group>"; };
		517E90EE1B454D1500150FF6 /* ViewController.h */ = {isa = PBXFileReference; fileEncoding = 4; lastKnownFileType = sourcecode.c.h; path = ViewController.h; sourceTree = "<group>"; };
		517E90EF1B454D1500150FF6 /* ViewController.m */ = {isa = PBXFileReference; explicitFileType = sourcecode.c.objc; fileEncoding = 4; path = ViewController.m; sourceTree = "<group>"; };
		51E6FCB71B42E25500FF4242 /* NativeScript Inspector.app */ = {isa = PBXFileReference; explicitFileType = wrapper.application; includeInIndex = 0; path = "NativeScript Inspector.app"; sourceTree = BUILT_PRODUCTS_DIR; };
		51F6418A1B2EFE080012D3BC /* Inspector.app */ = {isa = PBXFileReference; explicitFileType = wrapper.application; includeInIndex = 0; path = Inspector.app; sourceTree = BUILT_PRODUCTS_DIR; };
		51F6418E1B2EFE080012D3BC /* Info.plist */ = {isa = PBXFileReference; lastKnownFileType = text.plist.xml; path = Info.plist; sourceTree = "<group>"; };
		51F641921B2EFE080012D3BC /* main.m */ = {isa = PBXFileReference; lastKnownFileType = sourcecode.c.objc; path = main.m; sourceTree = "<group>"; };
		51F641971B2EFE080012D3BC /* Images.xcassets */ = {isa = PBXFileReference; lastKnownFileType = folder.assetcatalog; path = Images.xcassets; sourceTree = "<group>"; };
/* End PBXFileReference section */

/* Begin PBXFrameworksBuildPhase section */
		51E6FCB41B42E25500FF4242 /* Frameworks */ = {
			isa = PBXFrameworksBuildPhase;
			buildActionMask = 2147483647;
			files = (
				5131F0EA1B73AC210056C64D /* WebKit.framework in Frameworks */,
			);
			runOnlyForDeploymentPostprocessing = 0;
		};
		51F641871B2EFE080012D3BC /* Frameworks */ = {
			isa = PBXFrameworksBuildPhase;
			buildActionMask = 2147483647;
			files = (
			);
			runOnlyForDeploymentPostprocessing = 0;
		};
/* End PBXFrameworksBuildPhase section */

/* Begin PBXGroup section */
		517E90E51B454D1500150FF6 /* NativeScript Inspector */ = {
			isa = PBXGroup;
			children = (
				517E90E61B454D1500150FF6 /* AppDelegate.h */,
				517E90E71B454D1500150FF6 /* AppDelegate.m */,
				517E90E81B454D1500150FF6 /* Assets.xcassets */,
				517E90E91B454D1500150FF6 /* Main.storyboard */,
				517E90EB1B454D1500150FF6 /* Images.xcassets */,
				517E90EC1B454D1500150FF6 /* Info.plist */,
				517E90ED1B454D1500150FF6 /* main.m */,
				517E90EE1B454D1500150FF6 /* ViewController.h */,
				517E90EF1B454D1500150FF6 /* ViewController.m */,
				5131F0EB1B73B8580056C64D /* InspectorFrontendHostProtocol.h */,
				5131F0EC1B73B8C10056C64D /* InspectorFrontendHost.h */,
				5131F0EE1B73B94E0056C64D /* InspectorFrontendHost.m */,
				51080F1E1B7DCA2D0004DE6E /* Communication.h */,
				513F3D861B7E28E10010A515 /* Communication.m */,
			);
			path = "NativeScript Inspector";
			sourceTree = "<group>";
		};
		51F641811B2EFE080012D3BC = {
			isa = PBXGroup;
			children = (
				5131F0DE1B73AC070056C64D /* JavaScriptCore.framework */,
				5131F0DF1B73AC070056C64D /* WebCore.framework */,
				5131F0E01B73AC070056C64D /* WebInspectorUI.framework */,
				5131F0E11B73AC070056C64D /* WebKit.framework */,
				5131F0E21B73AC070056C64D /* WebKit2.framework */,
				5131F0E31B73AC070056C64D /* WebKitLegacy.framework */,
				51F6418C1B2EFE080012D3BC /* Inspector */,
				517E90E51B454D1500150FF6 /* NativeScript Inspector */,
				51F6418B1B2EFE080012D3BC /* Products */,
			);
			sourceTree = "<group>";
		};
		51F6418B1B2EFE080012D3BC /* Products */ = {
			isa = PBXGroup;
			children = (
				51F6418A1B2EFE080012D3BC /* Inspector.app */,
				51E6FCB71B42E25500FF4242 /* NativeScript Inspector.app */,
			);
			name = Products;
			sourceTree = "<group>";
		};
		51F6418C1B2EFE080012D3BC /* Inspector */ = {
			isa = PBXGroup;
			children = (
				51F641971B2EFE080012D3BC /* Images.xcassets */,
				51F6418D1B2EFE080012D3BC /* Supporting Files */,
			);
			path = Inspector;
			sourceTree = "<group>";
		};
		51F6418D1B2EFE080012D3BC /* Supporting Files */ = {
			isa = PBXGroup;
			children = (
				5131D7591B44217D000E1DA4 /* osx-debugger.icns */,
				51F6418E1B2EFE080012D3BC /* Info.plist */,
				51F641921B2EFE080012D3BC /* main.m */,
			);
			name = "Supporting Files";
			sourceTree = "<group>";
		};
/* End PBXGroup section */

/* Begin PBXNativeTarget section */
		51E6FCB61B42E25500FF4242 /* NativeScript Inspector */ = {
			isa = PBXNativeTarget;
			buildConfigurationList = 51E6FCC81B42E25500FF4242 /* Build configuration list for PBXNativeTarget "NativeScript Inspector" */;
			buildPhases = (
				51E6FCB31B42E25500FF4242 /* Sources */,
				51E6FCB41B42E25500FF4242 /* Frameworks */,
				51E6FCB51B42E25500FF4242 /* Resources */,
			);
			buildRules = (
			);
			dependencies = (
			);
			name = "NativeScript Inspector";
			productName = "NativeScript Inspector Application";
			productReference = 51E6FCB71B42E25500FF4242 /* NativeScript Inspector.app */;
			productType = "com.apple.product-type.application";
		};
		51F641891B2EFE080012D3BC /* Inspector */ = {
			isa = PBXNativeTarget;
			buildConfigurationList = 51F641AA1B2EFE090012D3BC /* Build configuration list for PBXNativeTarget "Inspector" */;
			buildPhases = (
				51F641861B2EFE080012D3BC /* Sources */,
				51F641871B2EFE080012D3BC /* Frameworks */,
				51F641881B2EFE080012D3BC /* Resources */,
				51F641B91B2F19360012D3BC /* Embed Frameworks (6 items) (4 items) */,
				51F642661B30590A0012D3BC /* Copy Files (1 item) */,
			);
			buildRules = (
			);
			dependencies = (
				517E90DF1B45490F00150FF6 /* PBXTargetDependency */,
			);
			name = Inspector;
			productName = Inspector;
			productReference = 51F6418A1B2EFE080012D3BC /* Inspector.app */;
			productType = "com.apple.product-type.application";
		};
/* End PBXNativeTarget section */

/* Begin PBXProject section */
		51F641821B2EFE080012D3BC /* Project object */ = {
			isa = PBXProject;
			attributes = {
				LastUpgradeCheck = 0630;
				ORGANIZATIONNAME = Telerik;
				TargetAttributes = {
					51E6FCB61B42E25500FF4242 = {
						CreatedOnToolsVersion = 7.0;
					};
					51F641891B2EFE080012D3BC = {
						CreatedOnToolsVersion = 6.3;
						DevelopmentTeam = CHSQ3M3P37;
					};
				};
			};
			buildConfigurationList = 51F641851B2EFE080012D3BC /* Build configuration list for PBXProject "Inspector" */;
			compatibilityVersion = "Xcode 3.2";
			developmentRegion = English;
			hasScannedForEncodings = 0;
			knownRegions = (
				en,
				Base,
			);
			mainGroup = 51F641811B2EFE080012D3BC;
			productRefGroup = 51F6418B1B2EFE080012D3BC /* Products */;
			projectDirPath = "";
			projectRoot = "";
			targets = (
				51F641891B2EFE080012D3BC /* Inspector */,
				51E6FCB61B42E25500FF4242 /* NativeScript Inspector */,
			);
		};
/* End PBXProject section */

/* Begin PBXResourcesBuildPhase section */
		51E6FCB51B42E25500FF4242 /* Resources */ = {
			isa = PBXResourcesBuildPhase;
			buildActionMask = 2147483647;
			files = (
				517E90F21B454D1500150FF6 /* Main.storyboard in Resources */,
				517E90F31B454D1500150FF6 /* Images.xcassets in Resources */,
				517E90F11B454D1500150FF6 /* Assets.xcassets in Resources */,
				517E90F41B454D1500150FF6 /* Info.plist in Resources */,
				5131D75B1B44217D000E1DA4 /* osx-debugger.icns in Resources */,
			);
			runOnlyForDeploymentPostprocessing = 0;
		};
		51F641881B2EFE080012D3BC /* Resources */ = {
			isa = PBXResourcesBuildPhase;
			buildActionMask = 2147483647;
			files = (
				5131D75A1B44217D000E1DA4 /* osx-debugger.icns in Resources */,
				51F641981B2EFE080012D3BC /* Images.xcassets in Resources */,
			);
			runOnlyForDeploymentPostprocessing = 0;
		};
/* End PBXResourcesBuildPhase section */

/* Begin PBXSourcesBuildPhase section */
		51E6FCB31B42E25500FF4242 /* Sources */ = {
			isa = PBXSourcesBuildPhase;
			buildActionMask = 2147483647;
			files = (
				5131F0EF1B73B94E0056C64D /* InspectorFrontendHost.m in Sources */,
				5131F0ED1B73B8C10056C64D /* InspectorFrontendHost.h in Sources */,
				513F3D881B7E28E10010A515 /* Communication.m in Sources */,
				517E90F61B454D1500150FF6 /* ViewController.m in Sources */,
				517E90F51B454D1500150FF6 /* main.m in Sources */,
				517E90F01B454D1500150FF6 /* AppDelegate.m in Sources */,
			);
			runOnlyForDeploymentPostprocessing = 0;
		};
		51F641861B2EFE080012D3BC /* Sources */ = {
			isa = PBXSourcesBuildPhase;
			buildActionMask = 2147483647;
			files = (
				51F641931B2EFE080012D3BC /* main.m in Sources */,
			);
			runOnlyForDeploymentPostprocessing = 0;
		};
/* End PBXSourcesBuildPhase section */

/* Begin PBXTargetDependency section */
		517E90DF1B45490F00150FF6 /* PBXTargetDependency */ = {
			isa = PBXTargetDependency;
			target = 51E6FCB61B42E25500FF4242 /* NativeScript Inspector */;
			targetProxy = 517E90DE1B45490F00150FF6 /* PBXContainerItemProxy */;
		};
/* End PBXTargetDependency section */

/* Begin PBXVariantGroup section */
		517E90E91B454D1500150FF6 /* Main.storyboard */ = {
			isa = PBXVariantGroup;
			children = (
				517E90EA1B454D1500150FF6 /* Base */,
			);
			name = Main.storyboard;
			sourceTree = "<group>";
		};
/* End PBXVariantGroup section */

/* Begin XCBuildConfiguration section */
		51E6FCC91B42E25500FF4242 /* Debug */ = {
			isa = XCBuildConfiguration;
			buildSettings = {
				COMBINE_HIDPI_IMAGES = YES;
				ENABLE_TESTABILITY = YES;
				FRAMEWORK_SEARCH_PATHS = "\"$(PROJECT_DIR)/Frameworks\"";
				INFOPLIST_FILE = "NativeScript Inspector/Info.plist";
				LD_RUNPATH_SEARCH_PATHS = "$(inherited) @executable_path/../Frameworks";
				PRODUCT_BUNDLE_IDENTIFIER = org.NativeScript.Inspector.WebKitHost;
				PRODUCT_NAME = "$(TARGET_NAME)";
				SKIP_INSTALL = YES;
			};
			name = Debug;
		};
		51E6FCCA1B42E25500FF4242 /* Release */ = {
			isa = XCBuildConfiguration;
			buildSettings = {
				COMBINE_HIDPI_IMAGES = YES;
				FRAMEWORK_SEARCH_PATHS = "\"$(PROJECT_DIR)/Frameworks\"";
				INFOPLIST_FILE = "NativeScript Inspector/Info.plist";
				LD_RUNPATH_SEARCH_PATHS = "$(inherited) @executable_path/../Frameworks";
				PRODUCT_BUNDLE_IDENTIFIER = org.NativeScript.Inspector.WebKitHost;
				PRODUCT_NAME = "$(TARGET_NAME)";
				SKIP_INSTALL = YES;
			};
			name = Release;
		};
		51F641A81B2EFE090012D3BC /* Debug */ = {
			isa = XCBuildConfiguration;
			buildSettings = {
				ALWAYS_SEARCH_USER_PATHS = NO;
				CLANG_CXX_LANGUAGE_STANDARD = "gnu++0x";
				CLANG_CXX_LIBRARY = "libc++";
				CLANG_ENABLE_MODULES = YES;
				CLANG_ENABLE_OBJC_ARC = YES;
				CLANG_WARN_BOOL_CONVERSION = YES;
				CLANG_WARN_CONSTANT_CONVERSION = YES;
				CLANG_WARN_DIRECT_OBJC_ISA_USAGE = YES_ERROR;
				CLANG_WARN_EMPTY_BODY = YES;
				CLANG_WARN_ENUM_CONVERSION = YES;
				CLANG_WARN_INT_CONVERSION = YES;
				CLANG_WARN_OBJC_ROOT_CLASS = YES_ERROR;
				CLANG_WARN_UNREACHABLE_CODE = YES;
				CLANG_WARN__DUPLICATE_METHOD_MATCH = YES;
				COPY_PHASE_STRIP = NO;
				DEBUG_INFORMATION_FORMAT = dwarf;
				ENABLE_STRICT_OBJC_MSGSEND = YES;
				GCC_C_LANGUAGE_STANDARD = gnu99;
				GCC_DYNAMIC_NO_PIC = NO;
				GCC_NO_COMMON_BLOCKS = YES;
				GCC_OPTIMIZATION_LEVEL = 0;
				GCC_PREPROCESSOR_DEFINITIONS = (
					"DEBUG=1",
					"$(inherited)",
				);
				GCC_SYMBOLS_PRIVATE_EXTERN = NO;
				GCC_WARN_64_TO_32_BIT_CONVERSION = YES;
				GCC_WARN_ABOUT_RETURN_TYPE = YES_ERROR;
				GCC_WARN_UNDECLARED_SELECTOR = YES;
				GCC_WARN_UNINITIALIZED_AUTOS = YES_AGGRESSIVE;
				GCC_WARN_UNUSED_FUNCTION = YES;
				GCC_WARN_UNUSED_VARIABLE = YES;
				MACOSX_DEPLOYMENT_TARGET = 10.10;
				MTL_ENABLE_DEBUG_INFO = YES;
				ONLY_ACTIVE_ARCH = YES;
				SDKROOT = macosx;
			};
			name = Debug;
		};
		51F641A91B2EFE090012D3BC /* Release */ = {
			isa = XCBuildConfiguration;
			buildSettings = {
				ALWAYS_SEARCH_USER_PATHS = NO;
				CLANG_CXX_LANGUAGE_STANDARD = "gnu++0x";
				CLANG_CXX_LIBRARY = "libc++";
				CLANG_ENABLE_MODULES = YES;
				CLANG_ENABLE_OBJC_ARC = YES;
				CLANG_WARN_BOOL_CONVERSION = YES;
				CLANG_WARN_CONSTANT_CONVERSION = YES;
				CLANG_WARN_DIRECT_OBJC_ISA_USAGE = YES_ERROR;
				CLANG_WARN_EMPTY_BODY = YES;
				CLANG_WARN_ENUM_CONVERSION = YES;
				CLANG_WARN_INT_CONVERSION = YES;
				CLANG_WARN_OBJC_ROOT_CLASS = YES_ERROR;
				CLANG_WARN_UNREACHABLE_CODE = YES;
				CLANG_WARN__DUPLICATE_METHOD_MATCH = YES;
				COPY_PHASE_STRIP = NO;
				DEBUG_INFORMATION_FORMAT = "dwarf-with-dsym";
				ENABLE_NS_ASSERTIONS = NO;
				ENABLE_STRICT_OBJC_MSGSEND = YES;
				GCC_C_LANGUAGE_STANDARD = gnu99;
				GCC_NO_COMMON_BLOCKS = YES;
				GCC_WARN_64_TO_32_BIT_CONVERSION = YES;
				GCC_WARN_ABOUT_RETURN_TYPE = YES_ERROR;
				GCC_WARN_UNDECLARED_SELECTOR = YES;
				GCC_WARN_UNINITIALIZED_AUTOS = YES_AGGRESSIVE;
				GCC_WARN_UNUSED_FUNCTION = YES;
				GCC_WARN_UNUSED_VARIABLE = YES;
				MACOSX_DEPLOYMENT_TARGET = 10.10;
				MTL_ENABLE_DEBUG_INFO = NO;
				SDKROOT = macosx;
			};
			name = Release;
		};
		51F641AB1B2EFE090012D3BC /* Debug */ = {
			isa = XCBuildConfiguration;
			buildSettings = {
				COMBINE_HIDPI_IMAGES = YES;
				FRAMEWORK_SEARCH_PATHS = (
					"$(inherited)",
					"$(PROJECT_DIR)/Frameworks",
				);
				INFOPLIST_FILE = Inspector/Info.plist;
				LD_RUNPATH_SEARCH_PATHS = "$(inherited) @executable_path/../Frameworks";
				PRODUCT_BUNDLE_IDENTIFIER = org.NativeScript.Inspector;
				PRODUCT_NAME = "$(TARGET_NAME)";
				SDKROOT = macosx;
				SKIP_INSTALL = NO;
			};
			name = Debug;
		};
		51F641AC1B2EFE090012D3BC /* Release */ = {
			isa = XCBuildConfiguration;
			buildSettings = {
				COMBINE_HIDPI_IMAGES = YES;
				FRAMEWORK_SEARCH_PATHS = (
					"$(inherited)",
					"$(PROJECT_DIR)/Frameworks",
				);
				INFOPLIST_FILE = Inspector/Info.plist;
				LD_RUNPATH_SEARCH_PATHS = "$(inherited) @executable_path/../Frameworks";
				PRODUCT_BUNDLE_IDENTIFIER = org.NativeScript.Inspector;
				PRODUCT_NAME = "$(TARGET_NAME)";
				SDKROOT = macosx;
				SKIP_INSTALL = NO;
			};
			name = Release;
		};
/* End XCBuildConfiguration section */

/* Begin XCConfigurationList section */
		51E6FCC81B42E25500FF4242 /* Build configuration list for PBXNativeTarget "NativeScript Inspector" */ = {
			isa = XCConfigurationList;
			buildConfigurations = (
				51E6FCC91B42E25500FF4242 /* Debug */,
				51E6FCCA1B42E25500FF4242 /* Release */,
			);
			defaultConfigurationIsVisible = 0;
			defaultConfigurationName = Release;
		};
		51F641851B2EFE080012D3BC /* Build configuration list for PBXProject "Inspector" */ = {
			isa = XCConfigurationList;
			buildConfigurations = (
				51F641A81B2EFE090012D3BC /* Debug */,
				51F641A91B2EFE090012D3BC /* Release */,
			);
			defaultConfigurationIsVisible = 0;
			defaultConfigurationName = Release;
		};
		51F641AA1B2EFE090012D3BC /* Build configuration list for PBXNativeTarget "Inspector" */ = {
			isa = XCConfigurationList;
			buildConfigurations = (
				51F641AB1B2EFE090012D3BC /* Debug */,
				51F641AC1B2EFE090012D3BC /* Release */,
			);
			defaultConfigurationIsVisible = 0;
			defaultConfigurationName = Release;
		};
/* End XCConfigurationList section */
	};
	rootObject = 51F641821B2EFE080012D3BC /* Project object */;
}
