// !$*UTF8*$!
{
	archiveVersion = 1;
	classes = {
	};
	objectVersion = 46;
	objects = {

/* Begin PBXBuildFile section */
		85574E5818894B28005EC840 /* Foundation.framework in Frameworks */ = {isa = PBXBuildFile; fileRef = 85574E5718894B28005EC840 /* Foundation.framework */; };
		85574E5A18894B28005EC840 /* CoreGraphics.framework in Frameworks */ = {isa = PBXBuildFile; fileRef = 85574E5918894B28005EC840 /* CoreGraphics.framework */; };
		85574E5C18894B28005EC840 /* UIKit.framework in Frameworks */ = {isa = PBXBuildFile; fileRef = 85574E5B18894B28005EC840 /* UIKit.framework */; };
		85574E6218894B28005EC840 /* InfoPlist.strings in Resources */ = {isa = PBXBuildFile; fileRef = 85574E6018894B28005EC840 /* InfoPlist.strings */; };
		85574E6418894B28005EC840 /* main.m in Sources */ = {isa = PBXBuildFile; fileRef = 85574E6318894B28005EC840 /* main.m */; };
		85574E6A18894B28005EC840 /* Images.xcassets in Resources */ = {isa = PBXBuildFile; fileRef = 85574E6918894B28005EC840 /* Images.xcassets */; };
		85574E7118894B28005EC840 /* XCTest.framework in Frameworks */ = {isa = PBXBuildFile; fileRef = 85574E7018894B28005EC840 /* XCTest.framework */; };
		85574E7218894B28005EC840 /* Foundation.framework in Frameworks */ = {isa = PBXBuildFile; fileRef = 85574E5718894B28005EC840 /* Foundation.framework */; };
		85574E7318894B28005EC840 /* UIKit.framework in Frameworks */ = {isa = PBXBuildFile; fileRef = 85574E5B18894B28005EC840 /* UIKit.framework */; };
		85574E7B18894B28005EC840 /* InfoPlist.strings in Resources */ = {isa = PBXBuildFile; fileRef = 85574E7918894B28005EC840 /* InfoPlist.strings */; };
		85574E7D18894B28005EC840 /* GamerawwTests.m in Sources */ = {isa = PBXBuildFile; fileRef = 85574E7C18894B28005EC840 /* GamerawwTests.m */; };
		85736C351889F8A1006B1201 /* GAMApplication.storyboard in Resources */ = {isa = PBXBuildFile; fileRef = 85736C341889F8A1006B1201 /* GAMApplication.storyboard */; };
		85B2A7671978119900616E60 /* libz.dylib in Frameworks */ = {isa = PBXBuildFile; fileRef = 85B2A7661978119900616E60 /* libz.dylib */; };
		85B2A7691978119E00616E60 /* libicucore.dylib in Frameworks */ = {isa = PBXBuildFile; fileRef = 85B2A7681978119E00616E60 /* libicucore.dylib */; };
		85BACA24194A094100D7BF8F /* libc++.dylib in Frameworks */ = {isa = PBXBuildFile; fileRef = 85BACA23194A094100D7BF8F /* libc++.dylib */; };
		C90B552A1A962F0A00167E14 /* libNativeScript.a in Frameworks */ = {isa = PBXBuildFile; fileRef = C90B54F71A9607D800167E14 /* libNativeScript.a */; };
		CDFA780A18DB354B0035D043 /* app in Resources */ = {isa = PBXBuildFile; fileRef = CDFA780918DB354B0035D043 /* app */; };
/* End PBXBuildFile section */

/* Begin PBXContainerItemProxy section */
		85574E7418894B28005EC840 /* PBXContainerItemProxy */ = {
			isa = PBXContainerItemProxy;
			containerPortal = 85574E4C18894B28005EC840 /* Project object */;
			proxyType = 1;
			remoteGlobalIDString = 85574E5318894B28005EC840;
			remoteInfo = Gameraww;
		};
		C90B54E71A96078E00167E14 /* PBXContainerItemProxy */ = {
			isa = PBXContainerItemProxy;
			containerPortal = C9A9178119ED2DE1002B1CC5 /* TNSDebugging.xcodeproj */;
			proxyType = 2;
			remoteGlobalIDString = C9A9169019E7C14F002B1CC5;
			remoteInfo = TNSDebugging;
		};
		C90B54E91A96078E00167E14 /* PBXContainerItemProxy */ = {
			isa = PBXContainerItemProxy;
			containerPortal = C9A9178119ED2DE1002B1CC5 /* TNSDebugging.xcodeproj */;
			proxyType = 2;
			remoteGlobalIDString = C9A9169B19E7C150002B1CC5;
			remoteInfo = TNSDebuggingTests;
		};
		C90B54F61A9607D800167E14 /* PBXContainerItemProxy */ = {
			isa = PBXContainerItemProxy;
			containerPortal = 85B2A76A197811C200616E60 /* NativeScript.xcodeproj */;
			proxyType = 2;
			remoteGlobalIDString = 85B2A6BA197528FF00616E60;
			remoteInfo = NativeScript;
		};
		C90B54F81A9607D800167E14 /* PBXContainerItemProxy */ = {
			isa = PBXContainerItemProxy;
			containerPortal = 85B2A76A197811C200616E60 /* NativeScript.xcodeproj */;
			proxyType = 2;
			remoteGlobalIDString = 85B2A6CA197528FF00616E60;
			remoteInfo = NativeScriptTests;
		};
		C90B55221A962EF300167E14 /* PBXContainerItemProxy */ = {
			isa = PBXContainerItemProxy;
			containerPortal = 85B2A76A197811C200616E60 /* NativeScript.xcodeproj */;
			proxyType = 1;
			remoteGlobalIDString = 85B2A6B9197528FF00616E60;
			remoteInfo = NativeScript;
		};
		C90B55281A962EF600167E14 /* PBXContainerItemProxy */ = {
			isa = PBXContainerItemProxy;
			containerPortal = C9A9178119ED2DE1002B1CC5 /* TNSDebugging.xcodeproj */;
			proxyType = 1;
			remoteGlobalIDString = C9A9168F19E7C14F002B1CC5;
			remoteInfo = TNSDebugging;
		};
/* End PBXContainerItemProxy section */

/* Begin PBXFileReference section */
		85574E5418894B28005EC840 /* Gameraww.app */ = {isa = PBXFileReference; explicitFileType = wrapper.application; includeInIndex = 0; path = Gameraww.app; sourceTree = BUILT_PRODUCTS_DIR; };
		85574E5718894B28005EC840 /* Foundation.framework */ = {isa = PBXFileReference; lastKnownFileType = wrapper.framework; name = Foundation.framework; path = System/Library/Frameworks/Foundation.framework; sourceTree = SDKROOT; };
		85574E5918894B28005EC840 /* CoreGraphics.framework */ = {isa = PBXFileReference; lastKnownFileType = wrapper.framework; name = CoreGraphics.framework; path = System/Library/Frameworks/CoreGraphics.framework; sourceTree = SDKROOT; };
		85574E5B18894B28005EC840 /* UIKit.framework */ = {isa = PBXFileReference; lastKnownFileType = wrapper.framework; name = UIKit.framework; path = System/Library/Frameworks/UIKit.framework; sourceTree = SDKROOT; };
		85574E5F18894B28005EC840 /* Gameraww-Info.plist */ = {isa = PBXFileReference; lastKnownFileType = text.plist.xml; path = "Gameraww-Info.plist"; sourceTree = "<group>"; };
		85574E6118894B28005EC840 /* en */ = {isa = PBXFileReference; lastKnownFileType = text.plist.strings; name = en; path = en.lproj/InfoPlist.strings; sourceTree = "<group>"; };
		85574E6318894B28005EC840 /* main.m */ = {isa = PBXFileReference; lastKnownFileType = sourcecode.c.objc; lineEnding = 0; path = main.m; sourceTree = "<group>"; xcLanguageSpecificationIdentifier = xcode.lang.objc; };
		85574E6518894B28005EC840 /* Gameraww-Prefix.pch */ = {isa = PBXFileReference; lastKnownFileType = sourcecode.c.h; path = "Gameraww-Prefix.pch"; sourceTree = "<group>"; };
		85574E6918894B28005EC840 /* Images.xcassets */ = {isa = PBXFileReference; lastKnownFileType = folder.assetcatalog; path = Images.xcassets; sourceTree = "<group>"; };
		85574E6F18894B28005EC840 /* GamerawwTests.xctest */ = {isa = PBXFileReference; explicitFileType = wrapper.cfbundle; includeInIndex = 0; path = GamerawwTests.xctest; sourceTree = BUILT_PRODUCTS_DIR; };
		85574E7018894B28005EC840 /* XCTest.framework */ = {isa = PBXFileReference; lastKnownFileType = wrapper.framework; name = XCTest.framework; path = Library/Frameworks/XCTest.framework; sourceTree = DEVELOPER_DIR; };
		85574E7818894B28005EC840 /* GamerawwTests-Info.plist */ = {isa = PBXFileReference; lastKnownFileType = text.plist.xml; path = "GamerawwTests-Info.plist"; sourceTree = "<group>"; };
		85574E7A18894B28005EC840 /* en */ = {isa = PBXFileReference; lastKnownFileType = text.plist.strings; name = en; path = en.lproj/InfoPlist.strings; sourceTree = "<group>"; };
		85574E7C18894B28005EC840 /* GamerawwTests.m */ = {isa = PBXFileReference; lastKnownFileType = sourcecode.c.objc; path = GamerawwTests.m; sourceTree = "<group>"; };
		85736C341889F8A1006B1201 /* GAMApplication.storyboard */ = {isa = PBXFileReference; fileEncoding = 4; lastKnownFileType = file.storyboard; path = GAMApplication.storyboard; sourceTree = "<group>"; };
		85B2A7661978119900616E60 /* libz.dylib */ = {isa = PBXFileReference; lastKnownFileType = "compiled.mach-o.dylib"; name = libz.dylib; path = usr/lib/libz.dylib; sourceTree = SDKROOT; };
		85B2A7681978119E00616E60 /* libicucore.dylib */ = {isa = PBXFileReference; lastKnownFileType = "compiled.mach-o.dylib"; name = libicucore.dylib; path = usr/lib/libicucore.dylib; sourceTree = SDKROOT; };
		85B2A76A197811C200616E60 /* NativeScript.xcodeproj */ = {isa = PBXFileReference; lastKnownFileType = "wrapper.pb-project"; name = NativeScript.xcodeproj; path = ../../src/NativeScript/NativeScript.xcodeproj; sourceTree = "<group>"; };
		85BACA23194A094100D7BF8F /* libc++.dylib */ = {isa = PBXFileReference; lastKnownFileType = "compiled.mach-o.dylib"; name = "libc++.dylib"; path = "usr/lib/libc++.dylib"; sourceTree = SDKROOT; };
		C9A9178119ED2DE1002B1CC5 /* TNSDebugging.xcodeproj */ = {isa = PBXFileReference; lastKnownFileType = "wrapper.pb-project"; name = TNSDebugging.xcodeproj; path = ../../src/debugging/TNSDebugging/TNSDebugging.xcodeproj; sourceTree = "<group>"; };
		CD45F05D18DC5FE700FB50C0 /* Accelerate.framework */ = {isa = PBXFileReference; lastKnownFileType = wrapper.framework; name = Accelerate.framework; path = System/Library/Frameworks/Accelerate.framework; sourceTree = SDKROOT; };
		CD45F05E18DC5FE700FB50C0 /* Accounts.framework */ = {isa = PBXFileReference; lastKnownFileType = wrapper.framework; name = Accounts.framework; path = System/Library/Frameworks/Accounts.framework; sourceTree = SDKROOT; };
		CD45F05F18DC5FE700FB50C0 /* AddressBook.framework */ = {isa = PBXFileReference; lastKnownFileType = wrapper.framework; name = AddressBook.framework; path = System/Library/Frameworks/AddressBook.framework; sourceTree = SDKROOT; };
		CD45F06018DC5FE700FB50C0 /* AddressBookUI.framework */ = {isa = PBXFileReference; lastKnownFileType = wrapper.framework; name = AddressBookUI.framework; path = System/Library/Frameworks/AddressBookUI.framework; sourceTree = SDKROOT; };
		CD45F06118DC5FE700FB50C0 /* AdSupport.framework */ = {isa = PBXFileReference; lastKnownFileType = wrapper.framework; name = AdSupport.framework; path = System/Library/Frameworks/AdSupport.framework; sourceTree = SDKROOT; };
		CD45F06218DC5FE700FB50C0 /* AssetsLibrary.framework */ = {isa = PBXFileReference; lastKnownFileType = wrapper.framework; name = AssetsLibrary.framework; path = System/Library/Frameworks/AssetsLibrary.framework; sourceTree = SDKROOT; };
		CD45F06318DC5FE700FB50C0 /* AudioToolbox.framework */ = {isa = PBXFileReference; lastKnownFileType = wrapper.framework; name = AudioToolbox.framework; path = System/Library/Frameworks/AudioToolbox.framework; sourceTree = SDKROOT; };
		CD45F06418DC5FE700FB50C0 /* AVFoundation.framework */ = {isa = PBXFileReference; lastKnownFileType = wrapper.framework; name = AVFoundation.framework; path = System/Library/Frameworks/AVFoundation.framework; sourceTree = SDKROOT; };
		CD45F06518DC5FE700FB50C0 /* CFNetwork.framework */ = {isa = PBXFileReference; lastKnownFileType = wrapper.framework; name = CFNetwork.framework; path = System/Library/Frameworks/CFNetwork.framework; sourceTree = SDKROOT; };
		CD45F06618DC5FE700FB50C0 /* CoreAudio.framework */ = {isa = PBXFileReference; lastKnownFileType = wrapper.framework; name = CoreAudio.framework; path = System/Library/Frameworks/CoreAudio.framework; sourceTree = SDKROOT; };
		CD45F06718DC5FE700FB50C0 /* CoreBluetooth.framework */ = {isa = PBXFileReference; lastKnownFileType = wrapper.framework; name = CoreBluetooth.framework; path = System/Library/Frameworks/CoreBluetooth.framework; sourceTree = SDKROOT; };
		CD45F06818DC5FE700FB50C0 /* CoreData.framework */ = {isa = PBXFileReference; lastKnownFileType = wrapper.framework; name = CoreData.framework; path = System/Library/Frameworks/CoreData.framework; sourceTree = SDKROOT; };
		CD45F06918DC5FE700FB50C0 /* CoreFoundation.framework */ = {isa = PBXFileReference; lastKnownFileType = wrapper.framework; name = CoreFoundation.framework; path = System/Library/Frameworks/CoreFoundation.framework; sourceTree = SDKROOT; };
		CD45F06A18DC5FE700FB50C0 /* CoreImage.framework */ = {isa = PBXFileReference; lastKnownFileType = wrapper.framework; name = CoreImage.framework; path = System/Library/Frameworks/CoreImage.framework; sourceTree = SDKROOT; };
		CD45F06B18DC5FE700FB50C0 /* CoreLocation.framework */ = {isa = PBXFileReference; lastKnownFileType = wrapper.framework; name = CoreLocation.framework; path = System/Library/Frameworks/CoreLocation.framework; sourceTree = SDKROOT; };
		CD45F06C18DC5FE700FB50C0 /* CoreMedia.framework */ = {isa = PBXFileReference; lastKnownFileType = wrapper.framework; name = CoreMedia.framework; path = System/Library/Frameworks/CoreMedia.framework; sourceTree = SDKROOT; };
		CD45F06D18DC5FE700FB50C0 /* CoreMIDI.framework */ = {isa = PBXFileReference; lastKnownFileType = wrapper.framework; name = CoreMIDI.framework; path = System/Library/Frameworks/CoreMIDI.framework; sourceTree = SDKROOT; };
		CD45F06E18DC5FE700FB50C0 /* CoreMotion.framework */ = {isa = PBXFileReference; lastKnownFileType = wrapper.framework; name = CoreMotion.framework; path = System/Library/Frameworks/CoreMotion.framework; sourceTree = SDKROOT; };
		CD45F06F18DC5FE700FB50C0 /* CoreTelephony.framework */ = {isa = PBXFileReference; lastKnownFileType = wrapper.framework; name = CoreTelephony.framework; path = System/Library/Frameworks/CoreTelephony.framework; sourceTree = SDKROOT; };
		CD45F07018DC5FE700FB50C0 /* CoreText.framework */ = {isa = PBXFileReference; lastKnownFileType = wrapper.framework; name = CoreText.framework; path = System/Library/Frameworks/CoreText.framework; sourceTree = SDKROOT; };
		CD45F07118DC5FE700FB50C0 /* CoreVideo.framework */ = {isa = PBXFileReference; lastKnownFileType = wrapper.framework; name = CoreVideo.framework; path = System/Library/Frameworks/CoreVideo.framework; sourceTree = SDKROOT; };
		CD45F07218DC5FE700FB50C0 /* EventKit.framework */ = {isa = PBXFileReference; lastKnownFileType = wrapper.framework; name = EventKit.framework; path = System/Library/Frameworks/EventKit.framework; sourceTree = SDKROOT; };
		CD45F07318DC5FE700FB50C0 /* EventKitUI.framework */ = {isa = PBXFileReference; lastKnownFileType = wrapper.framework; name = EventKitUI.framework; path = System/Library/Frameworks/EventKitUI.framework; sourceTree = SDKROOT; };
		CD45F07418DC5FE700FB50C0 /* ExternalAccessory.framework */ = {isa = PBXFileReference; lastKnownFileType = wrapper.framework; name = ExternalAccessory.framework; path = System/Library/Frameworks/ExternalAccessory.framework; sourceTree = SDKROOT; };
		CD45F07518DC5FE700FB50C0 /* GameController.framework */ = {isa = PBXFileReference; lastKnownFileType = wrapper.framework; name = GameController.framework; path = System/Library/Frameworks/GameController.framework; sourceTree = SDKROOT; };
		CD45F07618DC5FE700FB50C0 /* GameKit.framework */ = {isa = PBXFileReference; lastKnownFileType = wrapper.framework; name = GameKit.framework; path = System/Library/Frameworks/GameKit.framework; sourceTree = SDKROOT; };
		CD45F07718DC5FE700FB50C0 /* GLKit.framework */ = {isa = PBXFileReference; lastKnownFileType = wrapper.framework; name = GLKit.framework; path = System/Library/Frameworks/GLKit.framework; sourceTree = SDKROOT; };
		CD45F07818DC5FE700FB50C0 /* GSS.framework */ = {isa = PBXFileReference; lastKnownFileType = wrapper.framework; name = GSS.framework; path = System/Library/Frameworks/GSS.framework; sourceTree = SDKROOT; };
		CD45F07918DC5FE700FB50C0 /* iAd.framework */ = {isa = PBXFileReference; lastKnownFileType = wrapper.framework; name = iAd.framework; path = System/Library/Frameworks/iAd.framework; sourceTree = SDKROOT; };
		CD45F07A18DC5FE700FB50C0 /* ImageIO.framework */ = {isa = PBXFileReference; lastKnownFileType = wrapper.framework; name = ImageIO.framework; path = System/Library/Frameworks/ImageIO.framework; sourceTree = SDKROOT; };
		CD45F07B18DC5FE700FB50C0 /* JavaScriptCore.framework */ = {isa = PBXFileReference; lastKnownFileType = wrapper.framework; name = JavaScriptCore.framework; path = System/Library/Frameworks/JavaScriptCore.framework; sourceTree = SDKROOT; };
		CD45F07C18DC5FE700FB50C0 /* MapKit.framework */ = {isa = PBXFileReference; lastKnownFileType = wrapper.framework; name = MapKit.framework; path = System/Library/Frameworks/MapKit.framework; sourceTree = SDKROOT; };
		CD45F07D18DC5FE700FB50C0 /* MediaAccessibility.framework */ = {isa = PBXFileReference; lastKnownFileType = wrapper.framework; name = MediaAccessibility.framework; path = System/Library/Frameworks/MediaAccessibility.framework; sourceTree = SDKROOT; };
		CD45F07E18DC5FE700FB50C0 /* MediaPlayer.framework */ = {isa = PBXFileReference; lastKnownFileType = wrapper.framework; name = MediaPlayer.framework; path = System/Library/Frameworks/MediaPlayer.framework; sourceTree = SDKROOT; };
		CD45F07F18DC5FE700FB50C0 /* MediaToolbox.framework */ = {isa = PBXFileReference; lastKnownFileType = wrapper.framework; name = MediaToolbox.framework; path = System/Library/Frameworks/MediaToolbox.framework; sourceTree = SDKROOT; };
		CD45F08018DC5FE700FB50C0 /* MessageUI.framework */ = {isa = PBXFileReference; lastKnownFileType = wrapper.framework; name = MessageUI.framework; path = System/Library/Frameworks/MessageUI.framework; sourceTree = SDKROOT; };
		CD45F08118DC5FE700FB50C0 /* MobileCoreServices.framework */ = {isa = PBXFileReference; lastKnownFileType = wrapper.framework; name = MobileCoreServices.framework; path = System/Library/Frameworks/MobileCoreServices.framework; sourceTree = SDKROOT; };
		CD45F08218DC5FE700FB50C0 /* MultipeerConnectivity.framework */ = {isa = PBXFileReference; lastKnownFileType = wrapper.framework; name = MultipeerConnectivity.framework; path = System/Library/Frameworks/MultipeerConnectivity.framework; sourceTree = SDKROOT; };
		CD45F08318DC5FE700FB50C0 /* NewsstandKit.framework */ = {isa = PBXFileReference; lastKnownFileType = wrapper.framework; name = NewsstandKit.framework; path = System/Library/Frameworks/NewsstandKit.framework; sourceTree = SDKROOT; };
		CD45F08418DC5FE700FB50C0 /* OpenAL.framework */ = {isa = PBXFileReference; lastKnownFileType = wrapper.framework; name = OpenAL.framework; path = System/Library/Frameworks/OpenAL.framework; sourceTree = SDKROOT; };
		CD45F08518DC5FE700FB50C0 /* OpenGLES.framework */ = {isa = PBXFileReference; lastKnownFileType = wrapper.framework; name = OpenGLES.framework; path = System/Library/Frameworks/OpenGLES.framework; sourceTree = SDKROOT; };
		CD45F08618DC5FE800FB50C0 /* PassKit.framework */ = {isa = PBXFileReference; lastKnownFileType = wrapper.framework; name = PassKit.framework; path = System/Library/Frameworks/PassKit.framework; sourceTree = SDKROOT; };
		CD45F08718DC5FE800FB50C0 /* QuartzCore.framework */ = {isa = PBXFileReference; lastKnownFileType = wrapper.framework; name = QuartzCore.framework; path = System/Library/Frameworks/QuartzCore.framework; sourceTree = SDKROOT; };
		CD45F08818DC5FE800FB50C0 /* QuickLook.framework */ = {isa = PBXFileReference; lastKnownFileType = wrapper.framework; name = QuickLook.framework; path = System/Library/Frameworks/QuickLook.framework; sourceTree = SDKROOT; };
		CD45F08918DC5FE800FB50C0 /* SafariServices.framework */ = {isa = PBXFileReference; lastKnownFileType = wrapper.framework; name = SafariServices.framework; path = System/Library/Frameworks/SafariServices.framework; sourceTree = SDKROOT; };
		CD45F08A18DC5FE800FB50C0 /* Security.framework */ = {isa = PBXFileReference; lastKnownFileType = wrapper.framework; name = Security.framework; path = System/Library/Frameworks/Security.framework; sourceTree = SDKROOT; };
		CD45F08B18DC5FE800FB50C0 /* Social.framework */ = {isa = PBXFileReference; lastKnownFileType = wrapper.framework; name = Social.framework; path = System/Library/Frameworks/Social.framework; sourceTree = SDKROOT; };
		CD45F08C18DC5FE800FB50C0 /* SpriteKit.framework */ = {isa = PBXFileReference; lastKnownFileType = wrapper.framework; name = SpriteKit.framework; path = System/Library/Frameworks/SpriteKit.framework; sourceTree = SDKROOT; };
		CD45F08D18DC5FE800FB50C0 /* StoreKit.framework */ = {isa = PBXFileReference; lastKnownFileType = wrapper.framework; name = StoreKit.framework; path = System/Library/Frameworks/StoreKit.framework; sourceTree = SDKROOT; };
		CD45F08E18DC5FE800FB50C0 /* SystemConfiguration.framework */ = {isa = PBXFileReference; lastKnownFileType = wrapper.framework; name = SystemConfiguration.framework; path = System/Library/Frameworks/SystemConfiguration.framework; sourceTree = SDKROOT; };
		CD45F08F18DC5FE800FB50C0 /* Twitter.framework */ = {isa = PBXFileReference; lastKnownFileType = wrapper.framework; name = Twitter.framework; path = System/Library/Frameworks/Twitter.framework; sourceTree = SDKROOT; };
		CDFA780918DB354B0035D043 /* app */ = {isa = PBXFileReference; lastKnownFileType = folder; path = app; sourceTree = "<group>"; };
/* End PBXFileReference section */

/* Begin PBXFrameworksBuildPhase section */
		85574E5118894B28005EC840 /* Frameworks */ = {
			isa = PBXFrameworksBuildPhase;
			buildActionMask = 2147483647;
			files = (
				C90B552A1A962F0A00167E14 /* libNativeScript.a in Frameworks */,
				85B2A7691978119E00616E60 /* libicucore.dylib in Frameworks */,
				85B2A7671978119900616E60 /* libz.dylib in Frameworks */,
				85BACA24194A094100D7BF8F /* libc++.dylib in Frameworks */,
				85574E5A18894B28005EC840 /* CoreGraphics.framework in Frameworks */,
				85574E5C18894B28005EC840 /* UIKit.framework in Frameworks */,
				85574E5818894B28005EC840 /* Foundation.framework in Frameworks */,
			);
			runOnlyForDeploymentPostprocessing = 0;
		};
		85574E6C18894B28005EC840 /* Frameworks */ = {
			isa = PBXFrameworksBuildPhase;
			buildActionMask = 2147483647;
			files = (
				85574E7118894B28005EC840 /* XCTest.framework in Frameworks */,
				85574E7318894B28005EC840 /* UIKit.framework in Frameworks */,
				85574E7218894B28005EC840 /* Foundation.framework in Frameworks */,
			);
			runOnlyForDeploymentPostprocessing = 0;
		};
/* End PBXFrameworksBuildPhase section */

/* Begin PBXGroup section */
		85574E4B18894B28005EC840 = {
			isa = PBXGroup;
			children = (
				C9A9178119ED2DE1002B1CC5 /* TNSDebugging.xcodeproj */,
				85B2A76A197811C200616E60 /* NativeScript.xcodeproj */,
				85574E5D18894B28005EC840 /* Gameraww */,
				85574E7618894B28005EC840 /* GamerawwTests */,
				85574E5618894B28005EC840 /* Frameworks */,
				85574E5518894B28005EC840 /* Products */,
			);
			sourceTree = "<group>";
		};
		85574E5518894B28005EC840 /* Products */ = {
			isa = PBXGroup;
			children = (
				85574E5418894B28005EC840 /* Gameraww.app */,
				85574E6F18894B28005EC840 /* GamerawwTests.xctest */,
			);
			name = Products;
			sourceTree = "<group>";
		};
		85574E5618894B28005EC840 /* Frameworks */ = {
			isa = PBXGroup;
			children = (
				85B2A7681978119E00616E60 /* libicucore.dylib */,
				85B2A7661978119900616E60 /* libz.dylib */,
				85BACA23194A094100D7BF8F /* libc++.dylib */,
				CD45F05D18DC5FE700FB50C0 /* Accelerate.framework */,
				CD45F05E18DC5FE700FB50C0 /* Accounts.framework */,
				CD45F05F18DC5FE700FB50C0 /* AddressBook.framework */,
				CD45F06018DC5FE700FB50C0 /* AddressBookUI.framework */,
				CD45F06118DC5FE700FB50C0 /* AdSupport.framework */,
				CD45F06218DC5FE700FB50C0 /* AssetsLibrary.framework */,
				CD45F06318DC5FE700FB50C0 /* AudioToolbox.framework */,
				CD45F06418DC5FE700FB50C0 /* AVFoundation.framework */,
				CD45F06518DC5FE700FB50C0 /* CFNetwork.framework */,
				CD45F06618DC5FE700FB50C0 /* CoreAudio.framework */,
				CD45F06718DC5FE700FB50C0 /* CoreBluetooth.framework */,
				CD45F06818DC5FE700FB50C0 /* CoreData.framework */,
				CD45F06918DC5FE700FB50C0 /* CoreFoundation.framework */,
				CD45F06A18DC5FE700FB50C0 /* CoreImage.framework */,
				CD45F06B18DC5FE700FB50C0 /* CoreLocation.framework */,
				CD45F06C18DC5FE700FB50C0 /* CoreMedia.framework */,
				CD45F06D18DC5FE700FB50C0 /* CoreMIDI.framework */,
				CD45F06E18DC5FE700FB50C0 /* CoreMotion.framework */,
				CD45F06F18DC5FE700FB50C0 /* CoreTelephony.framework */,
				CD45F07018DC5FE700FB50C0 /* CoreText.framework */,
				CD45F07118DC5FE700FB50C0 /* CoreVideo.framework */,
				CD45F07218DC5FE700FB50C0 /* EventKit.framework */,
				CD45F07318DC5FE700FB50C0 /* EventKitUI.framework */,
				CD45F07418DC5FE700FB50C0 /* ExternalAccessory.framework */,
				CD45F07518DC5FE700FB50C0 /* GameController.framework */,
				CD45F07618DC5FE700FB50C0 /* GameKit.framework */,
				CD45F07718DC5FE700FB50C0 /* GLKit.framework */,
				CD45F07818DC5FE700FB50C0 /* GSS.framework */,
				CD45F07918DC5FE700FB50C0 /* iAd.framework */,
				CD45F07A18DC5FE700FB50C0 /* ImageIO.framework */,
				CD45F07B18DC5FE700FB50C0 /* JavaScriptCore.framework */,
				CD45F07C18DC5FE700FB50C0 /* MapKit.framework */,
				CD45F07D18DC5FE700FB50C0 /* MediaAccessibility.framework */,
				CD45F07E18DC5FE700FB50C0 /* MediaPlayer.framework */,
				CD45F07F18DC5FE700FB50C0 /* MediaToolbox.framework */,
				CD45F08018DC5FE700FB50C0 /* MessageUI.framework */,
				CD45F08118DC5FE700FB50C0 /* MobileCoreServices.framework */,
				CD45F08218DC5FE700FB50C0 /* MultipeerConnectivity.framework */,
				CD45F08318DC5FE700FB50C0 /* NewsstandKit.framework */,
				CD45F08418DC5FE700FB50C0 /* OpenAL.framework */,
				CD45F08518DC5FE700FB50C0 /* OpenGLES.framework */,
				CD45F08618DC5FE800FB50C0 /* PassKit.framework */,
				CD45F08718DC5FE800FB50C0 /* QuartzCore.framework */,
				CD45F08818DC5FE800FB50C0 /* QuickLook.framework */,
				CD45F08918DC5FE800FB50C0 /* SafariServices.framework */,
				CD45F08A18DC5FE800FB50C0 /* Security.framework */,
				CD45F08B18DC5FE800FB50C0 /* Social.framework */,
				CD45F08C18DC5FE800FB50C0 /* SpriteKit.framework */,
				CD45F08D18DC5FE800FB50C0 /* StoreKit.framework */,
				CD45F08E18DC5FE800FB50C0 /* SystemConfiguration.framework */,
				CD45F08F18DC5FE800FB50C0 /* Twitter.framework */,
				85574E5718894B28005EC840 /* Foundation.framework */,
				85574E5918894B28005EC840 /* CoreGraphics.framework */,
				85574E5B18894B28005EC840 /* UIKit.framework */,
				85574E7018894B28005EC840 /* XCTest.framework */,
			);
			name = Frameworks;
			sourceTree = "<group>";
		};
		85574E5D18894B28005EC840 /* Gameraww */ = {
			isa = PBXGroup;
			children = (
				CDFA780918DB354B0035D043 /* app */,
				85736C341889F8A1006B1201 /* GAMApplication.storyboard */,
				85574E6918894B28005EC840 /* Images.xcassets */,
				85574E5E18894B28005EC840 /* Supporting Files */,
			);
			path = Gameraww;
			sourceTree = "<group>";
		};
		85574E5E18894B28005EC840 /* Supporting Files */ = {
			isa = PBXGroup;
			children = (
				85574E5F18894B28005EC840 /* Gameraww-Info.plist */,
				85574E6018894B28005EC840 /* InfoPlist.strings */,
				85574E6318894B28005EC840 /* main.m */,
				85574E6518894B28005EC840 /* Gameraww-Prefix.pch */,
			);
			name = "Supporting Files";
			sourceTree = "<group>";
		};
		85574E7618894B28005EC840 /* GamerawwTests */ = {
			isa = PBXGroup;
			children = (
				85574E7C18894B28005EC840 /* GamerawwTests.m */,
				85574E7718894B28005EC840 /* Supporting Files */,
			);
			path = GamerawwTests;
			sourceTree = "<group>";
		};
		85574E7718894B28005EC840 /* Supporting Files */ = {
			isa = PBXGroup;
			children = (
				85574E7818894B28005EC840 /* GamerawwTests-Info.plist */,
				85574E7918894B28005EC840 /* InfoPlist.strings */,
			);
			name = "Supporting Files";
			sourceTree = "<group>";
		};
		C90B54E31A96078E00167E14 /* Products */ = {
			isa = PBXGroup;
			children = (
				C90B54E81A96078E00167E14 /* libTNSDebugging.a */,
				C90B54EA1A96078E00167E14 /* TNSDebuggingTests.xctest */,
			);
			name = Products;
			sourceTree = "<group>";
		};
		C90B54F21A9607D800167E14 /* Products */ = {
			isa = PBXGroup;
			children = (
				C90B54F71A9607D800167E14 /* libNativeScript.a */,
				C90B54F91A9607D800167E14 /* NativeScriptTests.xctest */,
			);
			name = Products;
			sourceTree = "<group>";
		};
/* End PBXGroup section */

/* Begin PBXNativeTarget section */
		85574E5318894B28005EC840 /* Gameraww */ = {
			isa = PBXNativeTarget;
			buildConfigurationList = 85574E8018894B28005EC840 /* Build configuration list for PBXNativeTarget "Gameraww" */;
			buildPhases = (
				85574E5018894B28005EC840 /* Sources */,
				85574E5118894B28005EC840 /* Frameworks */,
				85574E5218894B28005EC840 /* Resources */,
				C97FD6F31AD6C86C004DB2A4 /* ShellScript */,
			);
			buildRules = (
			);
			dependencies = (
				C90B55291A962EF600167E14 /* PBXTargetDependency */,
				C90B55231A962EF300167E14 /* PBXTargetDependency */,
			);
			name = Gameraww;
			productName = Gameraww;
			productReference = 85574E5418894B28005EC840 /* Gameraww.app */;
			productType = "com.apple.product-type.application";
		};
		85574E6E18894B28005EC840 /* GamerawwTests */ = {
			isa = PBXNativeTarget;
			buildConfigurationList = 85574E8318894B28005EC840 /* Build configuration list for PBXNativeTarget "GamerawwTests" */;
			buildPhases = (
				85574E6B18894B28005EC840 /* Sources */,
				85574E6C18894B28005EC840 /* Frameworks */,
				85574E6D18894B28005EC840 /* Resources */,
			);
			buildRules = (
			);
			dependencies = (
				85574E7518894B28005EC840 /* PBXTargetDependency */,
			);
			name = GamerawwTests;
			productName = GamerawwTests;
			productReference = 85574E6F18894B28005EC840 /* GamerawwTests.xctest */;
			productType = "com.apple.product-type.bundle.unit-test";
		};
/* End PBXNativeTarget section */

/* Begin PBXProject section */
		85574E4C18894B28005EC840 /* Project object */ = {
			isa = PBXProject;
			attributes = {
				CLASSPREFIX = GAM;
				LastUpgradeCheck = 0500;
				ORGANIZATIONNAME = Telerik;
				TargetAttributes = {
					85574E5318894B28005EC840 = {
						DevelopmentTeam = CHSQ3M3P37;
					};
					85574E6E18894B28005EC840 = {
						TestTargetID = 85574E5318894B28005EC840;
					};
				};
			};
			buildConfigurationList = 85574E4F18894B28005EC840 /* Build configuration list for PBXProject "Gameraww" */;
			compatibilityVersion = "Xcode 3.2";
			developmentRegion = English;
			hasScannedForEncodings = 0;
			knownRegions = (
				en,
			);
			mainGroup = 85574E4B18894B28005EC840;
			productRefGroup = 85574E5518894B28005EC840 /* Products */;
			projectDirPath = "";
			projectReferences = (
				{
					ProductGroup = C90B54F21A9607D800167E14 /* Products */;
					ProjectRef = 85B2A76A197811C200616E60 /* NativeScript.xcodeproj */;
				},
				{
					ProductGroup = C90B54E31A96078E00167E14 /* Products */;
					ProjectRef = C9A9178119ED2DE1002B1CC5 /* TNSDebugging.xcodeproj */;
				},
			);
			projectRoot = "";
			targets = (
				85574E5318894B28005EC840 /* Gameraww */,
				85574E6E18894B28005EC840 /* GamerawwTests */,
			);
		};
/* End PBXProject section */

/* Begin PBXReferenceProxy section */
		C90B54E81A96078E00167E14 /* libTNSDebugging.a */ = {
			isa = PBXReferenceProxy;
			fileType = archive.ar;
			path = libTNSDebugging.a;
			remoteRef = C90B54E71A96078E00167E14 /* PBXContainerItemProxy */;
			sourceTree = BUILT_PRODUCTS_DIR;
		};
		C90B54EA1A96078E00167E14 /* TNSDebuggingTests.xctest */ = {
			isa = PBXReferenceProxy;
			fileType = wrapper.cfbundle;
			path = TNSDebuggingTests.xctest;
			remoteRef = C90B54E91A96078E00167E14 /* PBXContainerItemProxy */;
			sourceTree = BUILT_PRODUCTS_DIR;
		};
		C90B54F71A9607D800167E14 /* libNativeScript.a */ = {
			isa = PBXReferenceProxy;
			fileType = archive.ar;
			path = libNativeScript.a;
			remoteRef = C90B54F61A9607D800167E14 /* PBXContainerItemProxy */;
			sourceTree = BUILT_PRODUCTS_DIR;
		};
		C90B54F91A9607D800167E14 /* NativeScriptTests.xctest */ = {
			isa = PBXReferenceProxy;
			fileType = wrapper.cfbundle;
			path = NativeScriptTests.xctest;
			remoteRef = C90B54F81A9607D800167E14 /* PBXContainerItemProxy */;
			sourceTree = BUILT_PRODUCTS_DIR;
		};
/* End PBXReferenceProxy section */

/* Begin PBXResourcesBuildPhase section */
		85574E5218894B28005EC840 /* Resources */ = {
			isa = PBXResourcesBuildPhase;
			buildActionMask = 2147483647;
			files = (
				CDFA780A18DB354B0035D043 /* app in Resources */,
				85574E6218894B28005EC840 /* InfoPlist.strings in Resources */,
				85736C351889F8A1006B1201 /* GAMApplication.storyboard in Resources */,
				85574E6A18894B28005EC840 /* Images.xcassets in Resources */,
			);
			runOnlyForDeploymentPostprocessing = 0;
		};
		85574E6D18894B28005EC840 /* Resources */ = {
			isa = PBXResourcesBuildPhase;
			buildActionMask = 2147483647;
			files = (
				85574E7B18894B28005EC840 /* InfoPlist.strings in Resources */,
			);
			runOnlyForDeploymentPostprocessing = 0;
		};
/* End PBXResourcesBuildPhase section */

/* Begin PBXShellScriptBuildPhase section */
		C97FD6F31AD6C86C004DB2A4 /* ShellScript */ = {
			isa = PBXShellScriptBuildPhase;
			buildActionMask = 2147483647;
			files = (
			);
			inputPaths = (
			);
			outputPaths = (
			);
			runOnlyForDeploymentPostprocessing = 0;
			shellPath = /bin/sh;
			shellScript = "pushd \"$SRCROOT/../../dist/metadataGenerator\"\n./metadata-generation-build-step.sh\npopd";
		};
/* End PBXShellScriptBuildPhase section */

/* Begin PBXSourcesBuildPhase section */
		85574E5018894B28005EC840 /* Sources */ = {
			isa = PBXSourcesBuildPhase;
			buildActionMask = 2147483647;
			files = (
				85574E6418894B28005EC840 /* main.m in Sources */,
			);
			runOnlyForDeploymentPostprocessing = 0;
		};
		85574E6B18894B28005EC840 /* Sources */ = {
			isa = PBXSourcesBuildPhase;
			buildActionMask = 2147483647;
			files = (
				85574E7D18894B28005EC840 /* GamerawwTests.m in Sources */,
			);
			runOnlyForDeploymentPostprocessing = 0;
		};
/* End PBXSourcesBuildPhase section */

/* Begin PBXTargetDependency section */
		85574E7518894B28005EC840 /* PBXTargetDependency */ = {
			isa = PBXTargetDependency;
			target = 85574E5318894B28005EC840 /* Gameraww */;
			targetProxy = 85574E7418894B28005EC840 /* PBXContainerItemProxy */;
		};
		C90B55231A962EF300167E14 /* PBXTargetDependency */ = {
			isa = PBXTargetDependency;
			name = NativeScript;
			targetProxy = C90B55221A962EF300167E14 /* PBXContainerItemProxy */;
		};
		C90B55291A962EF600167E14 /* PBXTargetDependency */ = {
			isa = PBXTargetDependency;
			name = TNSDebugging;
			targetProxy = C90B55281A962EF600167E14 /* PBXContainerItemProxy */;
		};
/* End PBXTargetDependency section */

/* Begin PBXVariantGroup section */
		85574E6018894B28005EC840 /* InfoPlist.strings */ = {
			isa = PBXVariantGroup;
			children = (
				85574E6118894B28005EC840 /* en */,
			);
			name = InfoPlist.strings;
			sourceTree = "<group>";
		};
		85574E7918894B28005EC840 /* InfoPlist.strings */ = {
			isa = PBXVariantGroup;
			children = (
				85574E7A18894B28005EC840 /* en */,
			);
			name = InfoPlist.strings;
			sourceTree = "<group>";
		};
/* End PBXVariantGroup section */

/* Begin XCBuildConfiguration section */
		85574E7E18894B28005EC840 /* Debug */ = {
			isa = XCBuildConfiguration;
			buildSettings = {
				ALWAYS_SEARCH_USER_PATHS = NO;
				ARCHS = "$(ARCHS_STANDARD)";
				CLANG_CXX_LANGUAGE_STANDARD = "gnu++0x";
				CLANG_CXX_LIBRARY = "libc++";
				CLANG_ENABLE_MODULES = YES;
				CLANG_ENABLE_OBJC_ARC = YES;
				CLANG_WARN_BOOL_CONVERSION = YES;
				CLANG_WARN_CONSTANT_CONVERSION = YES;
				CLANG_WARN_DIRECT_OBJC_ISA_USAGE = YES_ERROR;
				CLANG_WARN_EMPTY_BODY = YES;
				CLANG_WARN_ENUM_CONVERSION = YES;
				CLANG_WARN_INT_CONVERSION = YES;
				CLANG_WARN_OBJC_ROOT_CLASS = YES_ERROR;
				CLANG_WARN__DUPLICATE_METHOD_MATCH = YES;
				"CODE_SIGN_IDENTITY[sdk=iphoneos*]" = "iPhone Developer";
				COPY_PHASE_STRIP = NO;
				GCC_C_LANGUAGE_STANDARD = gnu99;
				GCC_DYNAMIC_NO_PIC = NO;
				GCC_OPTIMIZATION_LEVEL = 0;
				GCC_PREPROCESSOR_DEFINITIONS = (
					"DEBUG=1",
					"$(inherited)",
				);
				GCC_SYMBOLS_PRIVATE_EXTERN = NO;
				GCC_WARN_64_TO_32_BIT_CONVERSION = YES;
				GCC_WARN_ABOUT_RETURN_TYPE = YES_ERROR;
				GCC_WARN_UNDECLARED_SELECTOR = YES;
				GCC_WARN_UNINITIALIZED_AUTOS = YES;
				GCC_WARN_UNUSED_FUNCTION = YES;
				GCC_WARN_UNUSED_VARIABLE = YES;
				IPHONEOS_DEPLOYMENT_TARGET = 7.0;
				ONLY_ACTIVE_ARCH = YES;
				SDKROOT = iphoneos;
				TARGETED_DEVICE_FAMILY = "1,2";
				VALID_ARCHS = "arm64 armv7";
			};
			name = Debug;
		};
		85574E7F18894B28005EC840 /* Release */ = {
			isa = XCBuildConfiguration;
			buildSettings = {
				ALWAYS_SEARCH_USER_PATHS = NO;
				ARCHS = "$(ARCHS_STANDARD)";
				CLANG_CXX_LANGUAGE_STANDARD = "gnu++0x";
				CLANG_CXX_LIBRARY = "libc++";
				CLANG_ENABLE_MODULES = YES;
				CLANG_ENABLE_OBJC_ARC = YES;
				CLANG_WARN_BOOL_CONVERSION = YES;
				CLANG_WARN_CONSTANT_CONVERSION = YES;
				CLANG_WARN_DIRECT_OBJC_ISA_USAGE = YES_ERROR;
				CLANG_WARN_EMPTY_BODY = YES;
				CLANG_WARN_ENUM_CONVERSION = YES;
				CLANG_WARN_INT_CONVERSION = YES;
				CLANG_WARN_OBJC_ROOT_CLASS = YES_ERROR;
				CLANG_WARN__DUPLICATE_METHOD_MATCH = YES;
				"CODE_SIGN_IDENTITY[sdk=iphoneos*]" = "iPhone Developer";
				COPY_PHASE_STRIP = YES;
				ENABLE_NS_ASSERTIONS = NO;
				GCC_C_LANGUAGE_STANDARD = gnu99;
				GCC_WARN_64_TO_32_BIT_CONVERSION = YES;
				GCC_WARN_ABOUT_RETURN_TYPE = YES_ERROR;
				GCC_WARN_UNDECLARED_SELECTOR = YES;
				GCC_WARN_UNINITIALIZED_AUTOS = YES;
				GCC_WARN_UNUSED_FUNCTION = YES;
				GCC_WARN_UNUSED_VARIABLE = YES;
				IPHONEOS_DEPLOYMENT_TARGET = 7.0;
				SDKROOT = iphoneos;
				TARGETED_DEVICE_FAMILY = "1,2";
				VALIDATE_PRODUCT = YES;
				VALID_ARCHS = "arm64 armv7";
			};
			name = Release;
		};
		85574E8118894B28005EC840 /* Debug */ = {
			isa = XCBuildConfiguration;
			buildSettings = {
				ASSETCATALOG_COMPILER_APPICON_NAME = AppIcon;
				ASSETCATALOG_COMPILER_LAUNCHIMAGE_NAME = LaunchImage;
				CLANG_ENABLE_MODULES = YES;
				CODE_SIGN_IDENTITY = "iPhone Developer";
				"CODE_SIGN_IDENTITY[sdk=iphoneos*]" = "iPhone Developer";
				GCC_PRECOMPILE_PREFIX_HEADER = YES;
				GCC_PREFIX_HEADER = "Gameraww/Gameraww-Prefix.pch";
				GCC_PREPROCESSOR_DEFINITIONS = (
					"$(inherited)",
					"DEBUG=1",
					"NATIVESCRIPT_DEBUGGING=1",
				);
				INFOPLIST_FILE = "Gameraww/Gameraww-Info.plist";
				OTHER_CFLAGS = "-Werror-implicit-function-declaration";
				OTHER_LDFLAGS = (
					"-all_load",
					"-lTNSDebugging",
				);
				PRODUCT_NAME = "$(TARGET_NAME)";
				PROVISIONING_PROFILE = "";
				WRAPPER_EXTENSION = app;
			};
			name = Debug;
		};
		85574E8218894B28005EC840 /* Release */ = {
			isa = XCBuildConfiguration;
			buildSettings = {
				ASSETCATALOG_COMPILER_APPICON_NAME = AppIcon;
				ASSETCATALOG_COMPILER_LAUNCHIMAGE_NAME = LaunchImage;
				CLANG_ENABLE_MODULES = YES;
				CODE_SIGN_IDENTITY = "iPhone Developer";
				"CODE_SIGN_IDENTITY[sdk=iphoneos*]" = "iPhone Developer";
				GCC_PRECOMPILE_PREFIX_HEADER = YES;
				GCC_PREFIX_HEADER = "Gameraww/Gameraww-Prefix.pch";
				GCC_PREPROCESSOR_DEFINITIONS = "";
				INFOPLIST_FILE = "Gameraww/Gameraww-Info.plist";
				OTHER_CFLAGS = "-Werror-implicit-function-declaration";
				OTHER_LDFLAGS = (
					"-all_load",
					"-lTNSDebugging",
				);
				PRODUCT_NAME = "$(TARGET_NAME)";
				PROVISIONING_PROFILE = "";
				WRAPPER_EXTENSION = app;
			};
			name = Release;
		};
		85574E8418894B28005EC840 /* Debug */ = {
			isa = XCBuildConfiguration;
			buildSettings = {
				ARCHS = "$(ARCHS_STANDARD)";
				BUNDLE_LOADER = "$(BUILT_PRODUCTS_DIR)/Gameraww.app/Gameraww";
				FRAMEWORK_SEARCH_PATHS = (
					"$(SDKROOT)/Developer/Library/Frameworks",
					"$(inherited)",
					"$(DEVELOPER_FRAMEWORKS_DIR)",
				);
				GCC_PRECOMPILE_PREFIX_HEADER = YES;
				GCC_PREFIX_HEADER = "Gameraww/Gameraww-Prefix.pch";
				GCC_PREPROCESSOR_DEFINITIONS = (
					"DEBUG=1",
					"$(inherited)",
				);
				INFOPLIST_FILE = "GamerawwTests/GamerawwTests-Info.plist";
				PRODUCT_NAME = "$(TARGET_NAME)";
				TEST_HOST = "$(BUNDLE_LOADER)";
				WRAPPER_EXTENSION = xctest;
			};
			name = Debug;
		};
		85574E8518894B28005EC840 /* Release */ = {
			isa = XCBuildConfiguration;
			buildSettings = {
				ARCHS = "$(ARCHS_STANDARD)";
				BUNDLE_LOADER = "$(BUILT_PRODUCTS_DIR)/Gameraww.app/Gameraww";
				FRAMEWORK_SEARCH_PATHS = (
					"$(SDKROOT)/Developer/Library/Frameworks",
					"$(inherited)",
					"$(DEVELOPER_FRAMEWORKS_DIR)",
				);
				GCC_PRECOMPILE_PREFIX_HEADER = YES;
				GCC_PREFIX_HEADER = "Gameraww/Gameraww-Prefix.pch";
				INFOPLIST_FILE = "GamerawwTests/GamerawwTests-Info.plist";
				PRODUCT_NAME = "$(TARGET_NAME)";
				TEST_HOST = "$(BUNDLE_LOADER)";
				WRAPPER_EXTENSION = xctest;
			};
			name = Release;
		};
/* End XCBuildConfiguration section */

/* Begin XCConfigurationList section */
		85574E4F18894B28005EC840 /* Build configuration list for PBXProject "Gameraww" */ = {
			isa = XCConfigurationList;
			buildConfigurations = (
				85574E7E18894B28005EC840 /* Debug */,
				85574E7F18894B28005EC840 /* Release */,
			);
			defaultConfigurationIsVisible = 0;
			defaultConfigurationName = Release;
		};
		85574E8018894B28005EC840 /* Build configuration list for PBXNativeTarget "Gameraww" */ = {
			isa = XCConfigurationList;
			buildConfigurations = (
				85574E8118894B28005EC840 /* Debug */,
				85574E8218894B28005EC840 /* Release */,
			);
			defaultConfigurationIsVisible = 0;
			defaultConfigurationName = Release;
		};
		85574E8318894B28005EC840 /* Build configuration list for PBXNativeTarget "GamerawwTests" */ = {
			isa = XCConfigurationList;
			buildConfigurations = (
				85574E8418894B28005EC840 /* Debug */,
				85574E8518894B28005EC840 /* Release */,
			);
			defaultConfigurationIsVisible = 0;
			defaultConfigurationName = Release;
		};
/* End XCConfigurationList section */
	};
	rootObject = 85574E4C18894B28005EC840 /* Project object */;
}
